<?xml version="1.0" encoding="UTF-8"?>
<!DOCTYPE plist PUBLIC "-//Apple//DTD PLIST 1.0//EN" "http://www.apple.com/DTDs/PropertyList-1.0.dtd">
<plist version="1.0">
<dict>
	<key>archiveVersion</key>
	<string>1</string>
	<key>classes</key>
	<dict/>
	<key>objectVersion</key>
	<string>54</string>
	<key>objects</key>
	<dict>
		<key>00DD1BFF1BD5951E006B06BC</key>
		<dict>
			<key>buildActionMask</key>
			<string>2147483647</string>
			<key>files</key>
			<array/>
			<key>inputPaths</key>
			<array>
				<string>$(SRCROOT)/.xcode.env.local</string>
				<string>$(SRCROOT)/.xcode.env</string>
			</array>
			<key>isa</key>
			<string>PBXShellScriptBuildPhase</string>
			<key>name</key>
			<string>Bundle React Native code and images</string>
			<key>outputPaths</key>
			<array/>
			<key>runOnlyForDeploymentPostprocessing</key>
			<string>0</string>
			<key>shellPath</key>
			<string>/bin/sh</string>
			<key>shellScript</key>
			<string>set -e

WITH_ENVIRONMENT="../node_modules/react-native/scripts/xcode/with-environment.sh"
REACT_NATIVE_XCODE="../node_modules/react-native/scripts/react-native-xcode.sh"

/bin/sh -c "$WITH_ENVIRONMENT $REACT_NATIVE_XCODE"
</string>
		</dict>
		<key>00E356EA1AD99517003FC87E</key>
		<dict>
			<key>buildActionMask</key>
			<string>2147483647</string>
			<key>files</key>
			<array>
				<string>00E356F31AD99517003FC87E</string>
			</array>
			<key>isa</key>
			<string>PBXSourcesBuildPhase</string>
			<key>runOnlyForDeploymentPostprocessing</key>
			<string>0</string>
		</dict>
		<key>00E356EB1AD99517003FC87E</key>
		<dict>
			<key>buildActionMask</key>
			<string>2147483647</string>
			<key>files</key>
			<array>
				<string>B73C91E1AC2A068BA3D6174E</string>
			</array>
			<key>isa</key>
			<string>PBXFrameworksBuildPhase</string>
			<key>runOnlyForDeploymentPostprocessing</key>
			<string>0</string>
		</dict>
		<key>00E356EC1AD99517003FC87E</key>
		<dict>
			<key>buildActionMask</key>
			<string>2147483647</string>
			<key>files</key>
			<array>
				<string>FAD1AC812A5BF563009632A9</string>
				<string>FAD1AC8D2A5BF563009632A9</string>
				<string>FAD1AC9B2A5BF563009632A9</string>
				<string>FAD1AC8F2A5BF563009632A9</string>
				<string>FAD1AC992A5BF563009632A9</string>
				<string>FACD705C2A65BF5F00A870C6</string>
				<string>FAD1AC932A5BF563009632A9</string>
				<string>FAD1AC972A5BF563009632A9</string>
				<string>FAD1AC852A5BF563009632A9</string>
				<string>FAD1AC9D2A5BF563009632A9</string>
				<string>FAD1AC8B2A5BF563009632A9</string>
				<string>FAD1AC912A5BF563009632A9</string>
				<string>FAD1AC7F2A5BF563009632A9</string>
				<string>FAD1AC832A5BF563009632A9</string>
				<string>FAD1AC892A5BF563009632A9</string>
				<string>FAD1AC872A5BF563009632A9</string>
				<string>FAD1AC952A5BF563009632A9</string>
			</array>
			<key>isa</key>
			<string>PBXResourcesBuildPhase</string>
			<key>runOnlyForDeploymentPostprocessing</key>
			<string>0</string>
		</dict>
		<key>00E356ED1AD99517003FC87E</key>
		<dict>
			<key>buildConfigurationList</key>
			<string>00E357021AD99517003FC87E</string>
			<key>buildPhases</key>
			<array>
				<string>857ABEC37D1A5D649DEDE093</string>
				<string>00E356EA1AD99517003FC87E</string>
				<string>00E356EB1AD99517003FC87E</string>
				<string>00E356EC1AD99517003FC87E</string>
				<string>A67763ABEE7911AB8476DAD9</string>
				<string>0A6ADF125E77F9DE02BAE614</string>
			</array>
			<key>buildRules</key>
			<array/>
			<key>dependencies</key>
			<array>
				<string>00E356F51AD99517003FC87E</string>
			</array>
			<key>isa</key>
			<string>PBXNativeTarget</string>
			<key>name</key>
			<string>CardicAppTests</string>
			<key>productName</key>
			<string>CardicAppTests</string>
			<key>productReference</key>
			<string>00E356EE1AD99517003FC87E</string>
			<key>productType</key>
			<string>com.apple.product-type.bundle.unit-test</string>
		</dict>
		<key>00E356EE1AD99517003FC87E</key>
		<dict>
			<key>explicitFileType</key>
			<string>wrapper.cfbundle</string>
			<key>includeInIndex</key>
			<string>0</string>
			<key>isa</key>
			<string>PBXFileReference</string>
			<key>path</key>
			<string>CardicAppTests.xctest</string>
			<key>sourceTree</key>
			<string>BUILT_PRODUCTS_DIR</string>
		</dict>
		<key>00E356EF1AD99517003FC87E</key>
		<dict>
			<key>children</key>
			<array>
				<string>00E356F21AD99517003FC87E</string>
				<string>00E356F01AD99517003FC87E</string>
			</array>
			<key>isa</key>
			<string>PBXGroup</string>
			<key>path</key>
			<string>CardicAppTests</string>
			<key>sourceTree</key>
			<string>&lt;group&gt;</string>
		</dict>
		<key>00E356F01AD99517003FC87E</key>
		<dict>
			<key>children</key>
			<array>
				<string>00E356F11AD99517003FC87E</string>
			</array>
			<key>isa</key>
			<string>PBXGroup</string>
			<key>name</key>
			<string>Supporting Files</string>
			<key>sourceTree</key>
			<string>&lt;group&gt;</string>
		</dict>
		<key>00E356F11AD99517003FC87E</key>
		<dict>
			<key>isa</key>
			<string>PBXFileReference</string>
			<key>lastKnownFileType</key>
			<string>text.plist.xml</string>
			<key>path</key>
			<string>Info.plist</string>
			<key>sourceTree</key>
			<string>&lt;group&gt;</string>
		</dict>
		<key>00E356F21AD99517003FC87E</key>
		<dict>
			<key>isa</key>
			<string>PBXFileReference</string>
			<key>lastKnownFileType</key>
			<string>sourcecode.c.objc</string>
			<key>path</key>
			<string>CardicAppTests.m</string>
			<key>sourceTree</key>
			<string>&lt;group&gt;</string>
		</dict>
		<key>00E356F31AD99517003FC87E</key>
		<dict>
			<key>fileRef</key>
			<string>00E356F21AD99517003FC87E</string>
			<key>isa</key>
			<string>PBXBuildFile</string>
		</dict>
		<key>00E356F41AD99517003FC87E</key>
		<dict>
			<key>containerPortal</key>
			<string>83CBB9F71A601CBA00E9B192</string>
			<key>isa</key>
			<string>PBXContainerItemProxy</string>
			<key>proxyType</key>
			<string>1</string>
			<key>remoteGlobalIDString</key>
			<string>13B07F861A680F5B00A75B9A</string>
			<key>remoteInfo</key>
			<string>CardicApp</string>
		</dict>
		<key>00E356F51AD99517003FC87E</key>
		<dict>
			<key>isa</key>
			<string>PBXTargetDependency</string>
			<key>target</key>
			<string>13B07F861A680F5B00A75B9A</string>
			<key>targetProxy</key>
			<string>00E356F41AD99517003FC87E</string>
		</dict>
		<key>00E356F61AD99517003FC87E</key>
		<dict>
			<key>baseConfigurationReference</key>
			<string>0FB17D6B1F3EEC8FA3258FA3</string>
			<key>buildSettings</key>
			<dict>
				<key>BUNDLE_LOADER</key>
				<string>$(TEST_HOST)</string>
				<key>GCC_PREPROCESSOR_DEFINITIONS</key>
				<array>
					<string>DEBUG=1</string>
					<string>$(inherited)</string>
				</array>
				<key>INFOPLIST_FILE</key>
				<string>CardicAppTests/Info.plist</string>
				<key>IPHONEOS_DEPLOYMENT_TARGET</key>
				<string>12.4</string>
				<key>LD_RUNPATH_SEARCH_PATHS</key>
				<array>
					<string>$(inherited)</string>
					<string>@executable_path/Frameworks</string>
					<string>@loader_path/Frameworks</string>
				</array>
				<key>OTHER_LDFLAGS</key>
				<array>
					<string>-ObjC</string>
					<string>-lc++</string>
					<string>$(inherited)</string>
				</array>
				<key>PRODUCT_BUNDLE_IDENTIFIER</key>
				<string>org.reactjs.native.example.$(PRODUCT_NAME:rfc1034identifier)</string>
				<key>PRODUCT_NAME</key>
				<string>$(TARGET_NAME)</string>
				<key>TEST_HOST</key>
				<string>$(BUILT_PRODUCTS_DIR)/CardicApp.app/CardicApp</string>
			</dict>
			<key>isa</key>
			<string>XCBuildConfiguration</string>
			<key>name</key>
			<string>Debug</string>
		</dict>
		<key>00E356F71AD99517003FC87E</key>
		<dict>
			<key>baseConfigurationReference</key>
			<string>E541A1F7E05D940AD1A3A370</string>
			<key>buildSettings</key>
			<dict>
				<key>BUNDLE_LOADER</key>
				<string>$(TEST_HOST)</string>
				<key>COPY_PHASE_STRIP</key>
				<string>NO</string>
				<key>INFOPLIST_FILE</key>
				<string>CardicAppTests/Info.plist</string>
				<key>IPHONEOS_DEPLOYMENT_TARGET</key>
				<string>12.4</string>
				<key>LD_RUNPATH_SEARCH_PATHS</key>
				<array>
					<string>$(inherited)</string>
					<string>@executable_path/Frameworks</string>
					<string>@loader_path/Frameworks</string>
				</array>
				<key>OTHER_LDFLAGS</key>
				<array>
					<string>-ObjC</string>
					<string>-lc++</string>
					<string>$(inherited)</string>
				</array>
				<key>PRODUCT_BUNDLE_IDENTIFIER</key>
				<string>org.reactjs.native.example.$(PRODUCT_NAME:rfc1034identifier)</string>
				<key>PRODUCT_NAME</key>
				<string>$(TARGET_NAME)</string>
				<key>TEST_HOST</key>
				<string>$(BUILT_PRODUCTS_DIR)/CardicApp.app/CardicApp</string>
			</dict>
			<key>isa</key>
			<string>XCBuildConfiguration</string>
			<key>name</key>
			<string>Release</string>
		</dict>
		<key>00E357021AD99517003FC87E</key>
		<dict>
			<key>buildConfigurations</key>
			<array>
				<string>00E356F61AD99517003FC87E</string>
				<string>00E356F71AD99517003FC87E</string>
			</array>
			<key>defaultConfigurationIsVisible</key>
			<string>0</string>
			<key>defaultConfigurationName</key>
			<string>Release</string>
			<key>isa</key>
			<string>XCConfigurationList</string>
		</dict>
		<key>0A6ADF125E77F9DE02BAE614</key>
		<dict>
			<key>buildActionMask</key>
			<string>2147483647</string>
			<key>files</key>
			<array/>
			<key>inputFileListPaths</key>
			<array>
				<string>${PODS_ROOT}/Target Support Files/Pods-CardicApp-CardicAppTests/Pods-CardicApp-CardicAppTests-resources-${CONFIGURATION}-input-files.xcfilelist</string>
			</array>
			<key>inputPaths</key>
			<array/>
			<key>isa</key>
			<string>PBXShellScriptBuildPhase</string>
			<key>name</key>
			<string>[CP] Copy Pods Resources</string>
			<key>outputFileListPaths</key>
			<array>
				<string>${PODS_ROOT}/Target Support Files/Pods-CardicApp-CardicAppTests/Pods-CardicApp-CardicAppTests-resources-${CONFIGURATION}-output-files.xcfilelist</string>
			</array>
			<key>outputPaths</key>
			<array/>
			<key>runOnlyForDeploymentPostprocessing</key>
			<string>0</string>
			<key>shellPath</key>
			<string>/bin/sh</string>
			<key>shellScript</key>
			<string>"${PODS_ROOT}/Target Support Files/Pods-CardicApp-CardicAppTests/Pods-CardicApp-CardicAppTests-resources.sh"
</string>
			<key>showEnvVarsInLog</key>
			<string>0</string>
		</dict>
		<key>0FB17D6B1F3EEC8FA3258FA3</key>
		<dict>
			<key>includeInIndex</key>
			<string>1</string>
			<key>isa</key>
			<string>PBXFileReference</string>
			<key>lastKnownFileType</key>
			<string>text.xcconfig</string>
			<key>name</key>
			<string>Pods-CardicApp-CardicAppTests.debug.xcconfig</string>
			<key>path</key>
			<string>Target Support Files/Pods-CardicApp-CardicAppTests/Pods-CardicApp-CardicAppTests.debug.xcconfig</string>
			<key>sourceTree</key>
			<string>&lt;group&gt;</string>
		</dict>
		<key>108ED6B744B44D23A05B2FB8</key>
		<dict>
			<key>fileRef</key>
			<string>CAF856299F9343DB87B1342E</string>
			<key>isa</key>
			<string>PBXBuildFile</string>
		</dict>
		<key>11DC10E52B36451AB12DD256</key>
		<dict>
			<key>fileRef</key>
			<string>D48BABDE8BD54735BF1919BC</string>
			<key>isa</key>
			<string>PBXBuildFile</string>
		</dict>
		<key>13B07F861A680F5B00A75B9A</key>
		<dict>
			<key>buildConfigurationList</key>
			<string>13B07F931A680F5B00A75B9A</string>
			<key>buildPhases</key>
			<array>
				<string>8436E8B19D7B2DCC17293795</string>
				<string>FD10A7F022414F080027D42C</string>
				<string>13B07F871A680F5B00A75B9A</string>
				<string>13B07F8C1A680F5B00A75B9A</string>
				<string>13B07F8E1A680F5B00A75B9A</string>
				<string>00DD1BFF1BD5951E006B06BC</string>
				<string>9DB86590CA8DC4B5887D148F</string>
				<string>ED8AB7841D079EC67986E525</string>
				<string>1DD79863C90185FD0661E3CC</string>
				<string>A2B52F8609F0AFABD1F1AA46</string>
			</array>
			<key>buildRules</key>
			<array/>
			<key>dependencies</key>
			<array/>
			<key>isa</key>
			<string>PBXNativeTarget</string>
			<key>name</key>
			<string>CardicApp</string>
			<key>productName</key>
			<string>CardicApp</string>
			<key>productReference</key>
			<string>13B07F961A680F5B00A75B9A</string>
			<key>productType</key>
			<string>com.apple.product-type.application</string>
		</dict>
		<key>13B07F871A680F5B00A75B9A</key>
		<dict>
			<key>buildActionMask</key>
			<string>2147483647</string>
			<key>files</key>
			<array>
				<string>13B07FBC1A68108700A75B9A</string>
				<string>13B07FC11A68108700A75B9A</string>
			</array>
			<key>isa</key>
			<string>PBXSourcesBuildPhase</string>
			<key>runOnlyForDeploymentPostprocessing</key>
			<string>0</string>
		</dict>
		<key>13B07F8C1A680F5B00A75B9A</key>
		<dict>
			<key>buildActionMask</key>
			<string>2147483647</string>
			<key>files</key>
			<array>
				<string>BA1DE9C5A3C4DB85DF43874F</string>
			</array>
			<key>isa</key>
			<string>PBXFrameworksBuildPhase</string>
			<key>runOnlyForDeploymentPostprocessing</key>
			<string>0</string>
		</dict>
		<key>13B07F8E1A680F5B00A75B9A</key>
		<dict>
			<key>buildActionMask</key>
			<string>2147483647</string>
			<key>files</key>
			<array>
				<string>81AB9BB82411601600AC10FF</string>
				<string>FACD705B2A65BF5F00A870C6</string>
				<string>13B07FBF1A68108700A75B9A</string>
				<string>96EF6CEBC62D4D849C282C0D</string>
				<string>FFAD15C886E341A39EF3C9C5</string>
				<string>A8A2F746804B4D93979EDB45</string>
				<string>D3AD1559C82F4E628E451496</string>
				<string>5B36972CF73448E1AD7BA045</string>
				<string>E525A6E29D2249B7A89DF90F</string>
				<string>108ED6B744B44D23A05B2FB8</string>
				<string>8F67FA913C754882A4F009B9</string>
				<string>31311220B243435BB25EFD92</string>
				<string>554D379B02154EBF9BE3D533</string>
				<string>C47E98D58EBC4C68AC25C3DC</string>
				<string>2735AAABA4354043B73518A1</string>
				<string>E0982046B9D0415FAA9C8F71</string>
				<string>F537729AADDA4FB283036D20</string>
				<string>11DC10E52B36451AB12DD256</string>
				<string>3B5FAA229DAA4FD8935ADB4D</string>
				<string>FA9FBEF42BE64DFF00518454</string>
				<string>724E31B2DC1E4881AC3FFA44</string>
				<string>BCA3CEDEB61B41AEB43ABF79</string>
			</array>
			<key>isa</key>
			<string>PBXResourcesBuildPhase</string>
			<key>runOnlyForDeploymentPostprocessing</key>
			<string>0</string>
		</dict>
		<key>13B07F931A680F5B00A75B9A</key>
		<dict>
			<key>buildConfigurations</key>
			<array>
				<string>13B07F941A680F5B00A75B9A</string>
				<string>13B07F951A680F5B00A75B9A</string>
			</array>
			<key>defaultConfigurationIsVisible</key>
			<string>0</string>
			<key>defaultConfigurationName</key>
			<string>Release</string>
			<key>isa</key>
			<string>XCConfigurationList</string>
		</dict>
		<key>13B07F941A680F5B00A75B9A</key>
		<dict>
			<key>baseConfigurationReference</key>
			<string>9A5CDDEBB22D28A0BEA1C0E1</string>
			<key>buildSettings</key>
			<dict>
				<key>ASSETCATALOG_COMPILER_APPICON_NAME</key>
				<string>AppIcon</string>
				<key>CLANG_ENABLE_MODULES</key>
				<string>YES</string>
				<key>CODE_SIGN_ENTITLEMENTS</key>
				<string>CardicApp/CardicApp.entitlements</string>
				<key>CODE_SIGN_IDENTITY</key>
				<string>Apple Development</string>
				<key>CODE_SIGN_IDENTITY[sdk=iphoneos*]</key>
				<string>iPhone Distribution</string>
				<key>CODE_SIGN_STYLE</key>
				<string>Manual</string>
				<key>CURRENT_PROJECT_VERSION</key>
				<string>1</string>
				<key>DEVELOPMENT_TEAM</key>
				<string></string>
				<key>DEVELOPMENT_TEAM[sdk=iphoneos*]</key>
				<string>2F2BNDK3H3</string>
				<key>ENABLE_BITCODE</key>
				<string>NO</string>
				<key>INFOPLIST_FILE</key>
				<string>CardicApp/Info.plist</string>
				<key>INFOPLIST_KEY_CFBundleDisplayName</key>
				<string>CardicApp: Gift Cards</string>
				<key>INFOPLIST_KEY_LSApplicationCategoryType</key>
				<string>public.app-category.finance</string>
				<key>IPHONEOS_DEPLOYMENT_TARGET</key>
				<string>12.4</string>
				<key>LD_RUNPATH_SEARCH_PATHS</key>
				<array>
					<string>$(inherited)</string>
					<string>@executable_path/Frameworks</string>
				</array>
				<key>MARKETING_VERSION</key>
				<string>1.0</string>
				<key>OTHER_LDFLAGS</key>
				<array>
					<string>$(inherited)</string>
					<string>-ObjC</string>
					<string>-lc++</string>
				</array>
				<key>PRODUCT_BUNDLE_IDENTIFIER</key>
				<string>com.cardicapp</string>
				<key>PRODUCT_NAME</key>
				<string>CardicApp</string>
				<key>PROVISIONING_PROFILE_SPECIFIER</key>
				<string></string>
				<key>PROVISIONING_PROFILE_SPECIFIER[sdk=iphoneos*]</key>
				<string>Distirubution Pro</string>
				<key>SWIFT_OPTIMIZATION_LEVEL</key>
				<string>-Onone</string>
				<key>SWIFT_VERSION</key>
				<string>5.0</string>
				<key>VERSIONING_SYSTEM</key>
				<string>apple-generic</string>
			</dict>
			<key>isa</key>
			<string>XCBuildConfiguration</string>
			<key>name</key>
			<string>Debug</string>
		</dict>
		<key>13B07F951A680F5B00A75B9A</key>
		<dict>
			<key>baseConfigurationReference</key>
			<string>8AC48DA6A7568720EEE6B73A</string>
			<key>buildSettings</key>
			<dict>
				<key>ASSETCATALOG_COMPILER_APPICON_NAME</key>
				<string>AppIcon</string>
				<key>CLANG_ENABLE_MODULES</key>
				<string>YES</string>
				<key>CODE_SIGN_ENTITLEMENTS</key>
				<string>CardicApp/CardicApp.entitlements</string>
				<key>CODE_SIGN_IDENTITY</key>
				<string>Apple Development</string>
				<key>CODE_SIGN_IDENTITY[sdk=iphoneos*]</key>
				<string>iPhone Distribution</string>
				<key>CODE_SIGN_STYLE</key>
				<string>Manual</string>
				<key>CURRENT_PROJECT_VERSION</key>
				<string>3</string>
				<key>DEVELOPMENT_TEAM</key>
				<string></string>
				<key>DEVELOPMENT_TEAM[sdk=iphoneos*]</key>
				<string>2F2BNDK3H3</string>
				<key>INFOPLIST_FILE</key>
				<string>CardicApp/Info.plist</string>
				<key>INFOPLIST_KEY_CFBundleDisplayName</key>
				<string>CardicApp: Gift Cards</string>
				<key>INFOPLIST_KEY_LSApplicationCategoryType</key>
				<string>public.app-category.finance</string>
				<key>IPHONEOS_DEPLOYMENT_TARGET</key>
				<string>12.4</string>
				<key>LD_RUNPATH_SEARCH_PATHS</key>
				<array>
					<string>$(inherited)</string>
					<string>@executable_path/Frameworks</string>
				</array>
				<key>MARKETING_VERSION</key>
				<string>1.0.7</string>
				<key>OTHER_LDFLAGS</key>
				<array>
					<string>$(inherited)</string>
					<string>-ObjC</string>
					<string>-lc++</string>
				</array>
				<key>PRODUCT_BUNDLE_IDENTIFIER</key>
				<string>com.cardicapp</string>
				<key>PRODUCT_NAME</key>
				<string>CardicApp</string>
				<key>PROVISIONING_PROFILE_SPECIFIER</key>
				<string></string>
				<key>PROVISIONING_PROFILE_SPECIFIER[sdk=iphoneos*]</key>
				<string>Distirubution Pro</string>
				<key>SWIFT_VERSION</key>
				<string>5.0</string>
				<key>VERSIONING_SYSTEM</key>
				<string>apple-generic</string>
			</dict>
			<key>isa</key>
			<string>XCBuildConfiguration</string>
			<key>name</key>
			<string>Release</string>
		</dict>
		<key>13B07F961A680F5B00A75B9A</key>
		<dict>
			<key>explicitFileType</key>
			<string>wrapper.application</string>
			<key>includeInIndex</key>
			<string>0</string>
			<key>isa</key>
			<string>PBXFileReference</string>
			<key>path</key>
			<string>CardicApp.app</string>
			<key>sourceTree</key>
			<string>BUILT_PRODUCTS_DIR</string>
		</dict>
		<key>13B07FAE1A68108700A75B9A</key>
		<dict>
			<key>children</key>
			<array>
				<string>FA6A3D302CBEEE7C0037F361</string>
				<string>13B07FAF1A68108700A75B9A</string>
				<string>FA9FBEF32BE64DFF00518454</string>
				<string>13B07FB01A68108700A75B9A</string>
				<string>13B07FB51A68108700A75B9A</string>
				<string>13B07FB61A68108700A75B9A</string>
				<string>81AB9BB72411601600AC10FF</string>
				<string>13B07FB71A68108700A75B9A</string>
			</array>
			<key>isa</key>
			<string>PBXGroup</string>
			<key>name</key>
			<string>CardicApp</string>
			<key>sourceTree</key>
			<string>&lt;group&gt;</string>
		</dict>
		<key>13B07FAF1A68108700A75B9A</key>
		<dict>
			<key>fileEncoding</key>
			<string>4</string>
			<key>isa</key>
			<string>PBXFileReference</string>
			<key>lastKnownFileType</key>
			<string>sourcecode.c.h</string>
			<key>name</key>
			<string>AppDelegate.h</string>
			<key>path</key>
			<string>CardicApp/AppDelegate.h</string>
			<key>sourceTree</key>
			<string>&lt;group&gt;</string>
		</dict>
		<key>13B07FB01A68108700A75B9A</key>
		<dict>
			<key>fileEncoding</key>
			<string>4</string>
			<key>isa</key>
			<string>PBXFileReference</string>
			<key>lastKnownFileType</key>
			<string>sourcecode.cpp.objcpp</string>
			<key>name</key>
			<string>AppDelegate.mm</string>
			<key>path</key>
			<string>CardicApp/AppDelegate.mm</string>
			<key>sourceTree</key>
			<string>&lt;group&gt;</string>
		</dict>
		<key>13B07FB51A68108700A75B9A</key>
		<dict>
			<key>isa</key>
			<string>PBXFileReference</string>
			<key>lastKnownFileType</key>
			<string>folder.assetcatalog</string>
			<key>name</key>
			<string>Images.xcassets</string>
			<key>path</key>
			<string>CardicApp/Images.xcassets</string>
			<key>sourceTree</key>
			<string>&lt;group&gt;</string>
		</dict>
		<key>13B07FB61A68108700A75B9A</key>
		<dict>
			<key>fileEncoding</key>
			<string>4</string>
			<key>isa</key>
			<string>PBXFileReference</string>
			<key>lastKnownFileType</key>
			<string>text.plist.xml</string>
			<key>name</key>
			<string>Info.plist</string>
			<key>path</key>
			<string>CardicApp/Info.plist</string>
			<key>sourceTree</key>
			<string>&lt;group&gt;</string>
		</dict>
		<key>13B07FB71A68108700A75B9A</key>
		<dict>
			<key>fileEncoding</key>
			<string>4</string>
			<key>isa</key>
			<string>PBXFileReference</string>
			<key>lastKnownFileType</key>
			<string>sourcecode.c.objc</string>
			<key>name</key>
			<string>main.m</string>
			<key>path</key>
			<string>CardicApp/main.m</string>
			<key>sourceTree</key>
			<string>&lt;group&gt;</string>
		</dict>
		<key>13B07FBC1A68108700A75B9A</key>
		<dict>
			<key>fileRef</key>
			<string>13B07FB01A68108700A75B9A</string>
			<key>isa</key>
			<string>PBXBuildFile</string>
		</dict>
		<key>13B07FBF1A68108700A75B9A</key>
		<dict>
			<key>fileRef</key>
			<string>13B07FB51A68108700A75B9A</string>
			<key>isa</key>
			<string>PBXBuildFile</string>
		</dict>
		<key>13B07FC11A68108700A75B9A</key>
		<dict>
			<key>fileRef</key>
			<string>13B07FB71A68108700A75B9A</string>
			<key>isa</key>
			<string>PBXBuildFile</string>
		</dict>
		<key>16D5435C7D01492A93243C4F</key>
		<dict>
			<key>explicitFileType</key>
			<string>undefined</string>
			<key>fileEncoding</key>
			<string>9</string>
			<key>includeInIndex</key>
			<string>0</string>
			<key>isa</key>
			<string>PBXFileReference</string>
			<key>lastKnownFileType</key>
			<string>unknown</string>
			<key>name</key>
			<string>Raleway-LightItalic.ttf</string>
			<key>path</key>
			<string>../assets/fonts/Raleway-LightItalic.ttf</string>
			<key>sourceTree</key>
			<string>&lt;group&gt;</string>
		</dict>
		<key>1B12C99B952547378FAC63AF</key>
		<dict>
			<key>children</key>
			<array>
				<string>D4DE3E2989754DAFBB019C94</string>
				<string>4FB3E5D8C25B4D54B2176E71</string>
				<string>C053C6D6DFE64B2E82110EE1</string>
				<string>838672F3248649EBB97CC221</string>
				<string>B2ACC62FFB6B4312B245D60C</string>
				<string>50C8795C94954830919A7FAB</string>
				<string>CAF856299F9343DB87B1342E</string>
				<string>36E4B86A27B242E49F847018</string>
				<string>E7BA62716FFC4192A0CD5DF5</string>
				<string>B33540FE020145859456942A</string>
				<string>16D5435C7D01492A93243C4F</string>
				<string>EEA32B3AB2074FE8A90DBA6B</string>
				<string>3641DA6763524652AA334208</string>
				<string>6FBCCEBFA3A9496294E758CD</string>
				<string>D48BABDE8BD54735BF1919BC</string>
				<string>F095B8D9E8464B11ABD03E3F</string>
				<string>D1851474CFEF449F85F8A248</string>
				<string>5D977753128E453085D4C1E1</string>
			</array>
			<key>isa</key>
			<string>PBXGroup</string>
			<key>name</key>
			<string>Resources</string>
			<key>sourceTree</key>
			<string>&lt;group&gt;</string>
		</dict>
		<key>1DD79863C90185FD0661E3CC</key>
		<dict>
			<key>buildActionMask</key>
			<string>2147483647</string>
			<key>files</key>
			<array/>
			<key>inputFileListPaths</key>
			<array>
				<string>${PODS_ROOT}/Target Support Files/Pods-CardicApp/Pods-CardicApp-resources-${CONFIGURATION}-input-files.xcfilelist</string>
			</array>
			<key>inputPaths</key>
			<array/>
			<key>isa</key>
			<string>PBXShellScriptBuildPhase</string>
			<key>name</key>
			<string>[CP] Copy Pods Resources</string>
			<key>outputFileListPaths</key>
			<array>
				<string>${PODS_ROOT}/Target Support Files/Pods-CardicApp/Pods-CardicApp-resources-${CONFIGURATION}-output-files.xcfilelist</string>
			</array>
			<key>outputPaths</key>
			<array/>
			<key>runOnlyForDeploymentPostprocessing</key>
			<string>0</string>
			<key>shellPath</key>
			<string>/bin/sh</string>
			<key>shellScript</key>
			<string>"${PODS_ROOT}/Target Support Files/Pods-CardicApp/Pods-CardicApp-resources.sh"
</string>
			<key>showEnvVarsInLog</key>
			<string>0</string>
		</dict>
		<key>2735AAABA4354043B73518A1</key>
		<dict>
			<key>fileRef</key>
			<string>EEA32B3AB2074FE8A90DBA6B</string>
			<key>isa</key>
			<string>PBXBuildFile</string>
		</dict>
		<key>2D16E6871FA4F8E400B85C8A</key>
		<dict>
			<key>children</key>
			<array>
				<string>ED297162215061F000B7C4FE</string>
				<string>419987DC54CD67054061A253</string>
				<string>4FF945D35643DC9FF3476C24</string>
			</array>
			<key>isa</key>
			<string>PBXGroup</string>
			<key>name</key>
			<string>Frameworks</string>
			<key>sourceTree</key>
			<string>&lt;group&gt;</string>
		</dict>
		<key>31311220B243435BB25EFD92</key>
		<dict>
			<key>fileRef</key>
			<string>E7BA62716FFC4192A0CD5DF5</string>
			<key>isa</key>
			<string>PBXBuildFile</string>
		</dict>
		<key>3641DA6763524652AA334208</key>
		<dict>
			<key>explicitFileType</key>
			<string>undefined</string>
			<key>fileEncoding</key>
			<string>9</string>
			<key>includeInIndex</key>
			<string>0</string>
			<key>isa</key>
			<string>PBXFileReference</string>
			<key>lastKnownFileType</key>
			<string>unknown</string>
			<key>name</key>
			<string>Raleway-MediumItalic.ttf</string>
			<key>path</key>
			<string>../assets/fonts/Raleway-MediumItalic.ttf</string>
			<key>sourceTree</key>
			<string>&lt;group&gt;</string>
		</dict>
		<key>36E4B86A27B242E49F847018</key>
		<dict>
			<key>explicitFileType</key>
			<string>undefined</string>
			<key>fileEncoding</key>
			<string>9</string>
			<key>includeInIndex</key>
			<string>0</string>
			<key>isa</key>
			<string>PBXFileReference</string>
			<key>lastKnownFileType</key>
			<string>unknown</string>
			<key>name</key>
			<string>Raleway-ExtraLightItalic.ttf</string>
			<key>path</key>
			<string>../assets/fonts/Raleway-ExtraLightItalic.ttf</string>
			<key>sourceTree</key>
			<string>&lt;group&gt;</string>
		</dict>
		<key>3B5FAA229DAA4FD8935ADB4D</key>
		<dict>
			<key>fileRef</key>
			<string>F095B8D9E8464B11ABD03E3F</string>
			<key>isa</key>
			<string>PBXBuildFile</string>
		</dict>
		<key>419987DC54CD67054061A253</key>
		<dict>
			<key>explicitFileType</key>
			<string>archive.ar</string>
			<key>includeInIndex</key>
			<string>0</string>
			<key>isa</key>
			<string>PBXFileReference</string>
			<key>path</key>
			<string>libPods-CardicApp.a</string>
			<key>sourceTree</key>
			<string>BUILT_PRODUCTS_DIR</string>
		</dict>
		<key>4FB3E5D8C25B4D54B2176E71</key>
		<dict>
			<key>explicitFileType</key>
			<string>undefined</string>
			<key>fileEncoding</key>
			<string>9</string>
			<key>includeInIndex</key>
			<string>0</string>
			<key>isa</key>
			<string>PBXFileReference</string>
			<key>lastKnownFileType</key>
			<string>unknown</string>
			<key>name</key>
			<string>Raleway-BlackItalic.ttf</string>
			<key>path</key>
			<string>../assets/fonts/Raleway-BlackItalic.ttf</string>
			<key>sourceTree</key>
			<string>&lt;group&gt;</string>
		</dict>
		<key>4FF945D35643DC9FF3476C24</key>
		<dict>
			<key>explicitFileType</key>
			<string>archive.ar</string>
			<key>includeInIndex</key>
			<string>0</string>
			<key>isa</key>
			<string>PBXFileReference</string>
			<key>path</key>
			<string>libPods-CardicApp-CardicAppTests.a</string>
			<key>sourceTree</key>
			<string>BUILT_PRODUCTS_DIR</string>
		</dict>
		<key>50C8795C94954830919A7FAB</key>
		<dict>
			<key>explicitFileType</key>
			<string>undefined</string>
			<key>fileEncoding</key>
			<string>9</string>
			<key>includeInIndex</key>
			<string>0</string>
			<key>isa</key>
			<string>PBXFileReference</string>
			<key>lastKnownFileType</key>
			<string>unknown</string>
			<key>name</key>
			<string>Raleway-ExtraBoldItalic.ttf</string>
			<key>path</key>
			<string>../assets/fonts/Raleway-ExtraBoldItalic.ttf</string>
			<key>sourceTree</key>
			<string>&lt;group&gt;</string>
		</dict>
		<key>554D379B02154EBF9BE3D533</key>
		<dict>
			<key>fileRef</key>
			<string>B33540FE020145859456942A</string>
			<key>isa</key>
			<string>PBXBuildFile</string>
		</dict>
		<key>5B36972CF73448E1AD7BA045</key>
		<dict>
			<key>fileRef</key>
			<string>B2ACC62FFB6B4312B245D60C</string>
			<key>isa</key>
			<string>PBXBuildFile</string>
		</dict>
		<key>5D977753128E453085D4C1E1</key>
		<dict>
			<key>explicitFileType</key>
			<string>undefined</string>
			<key>fileEncoding</key>
			<string>9</string>
			<key>includeInIndex</key>
			<string>0</string>
			<key>isa</key>
			<string>PBXFileReference</string>
			<key>lastKnownFileType</key>
			<string>unknown</string>
			<key>name</key>
			<string>Raleway-ThinItalic.ttf</string>
			<key>path</key>
			<string>../assets/fonts/Raleway-ThinItalic.ttf</string>
			<key>sourceTree</key>
			<string>&lt;group&gt;</string>
		</dict>
		<key>6FBCCEBFA3A9496294E758CD</key>
		<dict>
			<key>explicitFileType</key>
			<string>undefined</string>
			<key>fileEncoding</key>
			<string>9</string>
			<key>includeInIndex</key>
			<string>0</string>
			<key>isa</key>
			<string>PBXFileReference</string>
			<key>lastKnownFileType</key>
			<string>unknown</string>
			<key>name</key>
			<string>Raleway-Regular.ttf</string>
			<key>path</key>
			<string>../assets/fonts/Raleway-Regular.ttf</string>
			<key>sourceTree</key>
			<string>&lt;group&gt;</string>
		</dict>
		<key>724E31B2DC1E4881AC3FFA44</key>
		<dict>
			<key>fileRef</key>
			<string>D1851474CFEF449F85F8A248</string>
			<key>isa</key>
			<string>PBXBuildFile</string>
		</dict>
		<key>81AB9BB72411601600AC10FF</key>
		<dict>
			<key>fileEncoding</key>
			<string>4</string>
			<key>isa</key>
			<string>PBXFileReference</string>
			<key>lastKnownFileType</key>
			<string>file.storyboard</string>
			<key>name</key>
			<string>LaunchScreen.storyboard</string>
			<key>path</key>
			<string>CardicApp/LaunchScreen.storyboard</string>
			<key>sourceTree</key>
			<string>&lt;group&gt;</string>
		</dict>
		<key>81AB9BB82411601600AC10FF</key>
		<dict>
			<key>fileRef</key>
			<string>81AB9BB72411601600AC10FF</string>
			<key>isa</key>
			<string>PBXBuildFile</string>
		</dict>
		<key>832341AE1AAA6A7D00B99B32</key>
		<dict>
			<key>children</key>
			<array/>
			<key>isa</key>
			<string>PBXGroup</string>
			<key>name</key>
			<string>Libraries</string>
			<key>sourceTree</key>
			<string>&lt;group&gt;</string>
		</dict>
		<key>838672F3248649EBB97CC221</key>
		<dict>
			<key>explicitFileType</key>
			<string>undefined</string>
			<key>fileEncoding</key>
			<string>9</string>
			<key>includeInIndex</key>
			<string>0</string>
			<key>isa</key>
			<string>PBXFileReference</string>
			<key>lastKnownFileType</key>
			<string>unknown</string>
			<key>name</key>
			<string>Raleway-BoldItalic.ttf</string>
			<key>path</key>
			<string>../assets/fonts/Raleway-BoldItalic.ttf</string>
			<key>sourceTree</key>
			<string>&lt;group&gt;</string>
		</dict>
		<key>83CBB9F61A601CBA00E9B192</key>
		<dict>
			<key>children</key>
			<array>
				<string>FACD705A2A65BF5F00A870C6</string>
				<string>FAD1AC6D2A5BF563009632A9</string>
				<string>13B07FAE1A68108700A75B9A</string>
				<string>832341AE1AAA6A7D00B99B32</string>
				<string>00E356EF1AD99517003FC87E</string>
				<string>83CBBA001A601CBA00E9B192</string>
				<string>2D16E6871FA4F8E400B85C8A</string>
				<string>BBD78D7AC51CEA395F1C20DB</string>
				<string>1B12C99B952547378FAC63AF</string>
			</array>
			<key>indentWidth</key>
			<string>2</string>
			<key>isa</key>
			<string>PBXGroup</string>
			<key>sourceTree</key>
			<string>&lt;group&gt;</string>
			<key>tabWidth</key>
			<string>2</string>
			<key>usesTabs</key>
			<string>0</string>
		</dict>
		<key>83CBB9F71A601CBA00E9B192</key>
		<dict>
			<key>attributes</key>
			<dict>
				<key>LastUpgradeCheck</key>
				<string>1210</string>
				<key>TargetAttributes</key>
				<dict>
					<key>00E356ED1AD99517003FC87E</key>
					<dict>
						<key>CreatedOnToolsVersion</key>
						<string>6.2</string>
						<key>TestTargetID</key>
						<string>13B07F861A680F5B00A75B9A</string>
					</dict>
					<key>13B07F861A680F5B00A75B9A</key>
					<dict>
						<key>LastSwiftMigration</key>
						<string>1120</string>
					</dict>
				</dict>
			</dict>
			<key>buildConfigurationList</key>
			<string>83CBB9FA1A601CBA00E9B192</string>
			<key>compatibilityVersion</key>
			<string>Xcode 12.0</string>
			<key>developmentRegion</key>
			<string>en</string>
			<key>hasScannedForEncodings</key>
			<string>0</string>
			<key>isa</key>
			<string>PBXProject</string>
			<key>knownRegions</key>
			<array>
				<string>en</string>
				<string>Base</string>
			</array>
			<key>mainGroup</key>
			<string>83CBB9F61A601CBA00E9B192</string>
			<key>productRefGroup</key>
			<string>83CBBA001A601CBA00E9B192</string>
			<key>projectDirPath</key>
			<string></string>
			<key>projectRoot</key>
			<string></string>
			<key>targets</key>
			<array>
				<string>13B07F861A680F5B00A75B9A</string>
				<string>00E356ED1AD99517003FC87E</string>
			</array>
		</dict>
		<key>83CBB9FA1A601CBA00E9B192</key>
		<dict>
			<key>buildConfigurations</key>
			<array>
				<string>83CBBA201A601CBA00E9B192</string>
				<string>83CBBA211A601CBA00E9B192</string>
			</array>
			<key>defaultConfigurationIsVisible</key>
			<string>0</string>
			<key>defaultConfigurationName</key>
			<string>Release</string>
			<key>isa</key>
			<string>XCConfigurationList</string>
		</dict>
		<key>83CBBA001A601CBA00E9B192</key>
		<dict>
			<key>children</key>
			<array>
				<string>13B07F961A680F5B00A75B9A</string>
				<string>00E356EE1AD99517003FC87E</string>
			</array>
			<key>isa</key>
			<string>PBXGroup</string>
			<key>name</key>
			<string>Products</string>
			<key>sourceTree</key>
			<string>&lt;group&gt;</string>
		</dict>
		<key>83CBBA201A601CBA00E9B192</key>
		<dict>
			<key>baseConfigurationReference</key>
			<string>FACD705A2A65BF5F00A870C6</string>
			<key>buildSettings</key>
			<dict>
				<key>ALWAYS_SEARCH_USER_PATHS</key>
				<string>NO</string>
				<key>CLANG_ANALYZER_LOCALIZABILITY_NONLOCALIZED</key>
				<string>YES</string>
				<key>CLANG_CXX_LANGUAGE_STANDARD</key>
				<string>c++17</string>
				<key>CLANG_CXX_LIBRARY</key>
				<string>libc++</string>
				<key>CLANG_ENABLE_MODULES</key>
				<string>YES</string>
				<key>CLANG_ENABLE_OBJC_ARC</key>
				<string>YES</string>
				<key>CLANG_WARN_BLOCK_CAPTURE_AUTORELEASING</key>
				<string>YES</string>
				<key>CLANG_WARN_BOOL_CONVERSION</key>
				<string>YES</string>
				<key>CLANG_WARN_COMMA</key>
				<string>YES</string>
				<key>CLANG_WARN_CONSTANT_CONVERSION</key>
				<string>YES</string>
				<key>CLANG_WARN_DEPRECATED_OBJC_IMPLEMENTATIONS</key>
				<string>YES</string>
				<key>CLANG_WARN_DIRECT_OBJC_ISA_USAGE</key>
				<string>YES_ERROR</string>
				<key>CLANG_WARN_EMPTY_BODY</key>
				<string>YES</string>
				<key>CLANG_WARN_ENUM_CONVERSION</key>
				<string>YES</string>
				<key>CLANG_WARN_INFINITE_RECURSION</key>
				<string>YES</string>
				<key>CLANG_WARN_INT_CONVERSION</key>
				<string>YES</string>
				<key>CLANG_WARN_NON_LITERAL_NULL_CONVERSION</key>
				<string>YES</string>
				<key>CLANG_WARN_OBJC_IMPLICIT_RETAIN_SELF</key>
				<string>YES</string>
				<key>CLANG_WARN_OBJC_LITERAL_CONVERSION</key>
				<string>YES</string>
				<key>CLANG_WARN_OBJC_ROOT_CLASS</key>
				<string>YES_ERROR</string>
				<key>CLANG_WARN_QUOTED_INCLUDE_IN_FRAMEWORK_HEADER</key>
				<string>YES</string>
				<key>CLANG_WARN_RANGE_LOOP_ANALYSIS</key>
				<string>YES</string>
				<key>CLANG_WARN_STRICT_PROTOTYPES</key>
				<string>YES</string>
				<key>CLANG_WARN_SUSPICIOUS_MOVE</key>
				<string>YES</string>
				<key>CLANG_WARN_UNREACHABLE_CODE</key>
				<string>YES</string>
				<key>CLANG_WARN__DUPLICATE_METHOD_MATCH</key>
				<string>YES</string>
				<key>CODE_SIGN_IDENTITY[sdk=iphoneos*]</key>
				<string>iPhone Developer</string>
				<key>COPY_PHASE_STRIP</key>
				<string>NO</string>
				<key>ENABLE_STRICT_OBJC_MSGSEND</key>
				<string>YES</string>
				<key>ENABLE_TESTABILITY</key>
				<string>YES</string>
				<key>EXCLUDED_ARCHS[sdk=iphonesimulator*]</key>
				<string>i386</string>
				<key>GCC_C_LANGUAGE_STANDARD</key>
				<string>gnu99</string>
				<key>GCC_DYNAMIC_NO_PIC</key>
				<string>NO</string>
				<key>GCC_NO_COMMON_BLOCKS</key>
				<string>YES</string>
				<key>GCC_OPTIMIZATION_LEVEL</key>
				<string>0</string>
				<key>GCC_PREPROCESSOR_DEFINITIONS</key>
				<array>
					<string>DEBUG=1</string>
					<string>$(inherited)</string>
				</array>
				<key>GCC_SYMBOLS_PRIVATE_EXTERN</key>
				<string>NO</string>
				<key>GCC_WARN_64_TO_32_BIT_CONVERSION</key>
				<string>YES</string>
				<key>GCC_WARN_ABOUT_RETURN_TYPE</key>
				<string>YES_ERROR</string>
				<key>GCC_WARN_UNDECLARED_SELECTOR</key>
				<string>YES</string>
				<key>GCC_WARN_UNINITIALIZED_AUTOS</key>
				<string>YES_AGGRESSIVE</string>
				<key>GCC_WARN_UNUSED_FUNCTION</key>
				<string>YES</string>
				<key>GCC_WARN_UNUSED_VARIABLE</key>
				<string>YES</string>
				<key>HEADER_SEARCH_PATHS</key>
				<array>
					<string>$(inherited)</string>
					<string>${PODS_CONFIGURATION_BUILD_DIR}/ReactCommon-Samples/ReactCommon_Samples.framework/Headers</string>
					<string>${PODS_CONFIGURATION_BUILD_DIR}/ReactCommon/ReactCommon.framework/Headers/react/nativemodule/core</string>
					<string>${PODS_CONFIGURATION_BUILD_DIR}/ReactCommon-Samples/ReactCommon_Samples.framework/Headers/platform/ios</string>
					<string>${PODS_CONFIGURATION_BUILD_DIR}/React-NativeModulesApple/React_NativeModulesApple.framework/Headers</string>
					<string>${PODS_CONFIGURATION_BUILD_DIR}/React-graphics/React_graphics.framework/Headers/react/renderer/graphics/platform/ios</string>
				</array>
				<key>IPHONEOS_DEPLOYMENT_TARGET</key>
				<string>12.4</string>
				<key>LD_RUNPATH_SEARCH_PATHS</key>
				<array>
					<string>/usr/lib/swift</string>
					<string>$(inherited)</string>
				</array>
				<key>LIBRARY_SEARCH_PATHS</key>
				<array>
					<string>"$(SDKROOT)/usr/lib/swift"</string>
					<string>"$(TOOLCHAIN_DIR)/usr/lib/swift/$(PLATFORM_NAME)"</string>
					<string>"$(inherited)"</string>
				</array>
				<key>MTL_ENABLE_DEBUG_INFO</key>
				<string>YES</string>
				<key>ONLY_ACTIVE_ARCH</key>
				<string>YES</string>
				<key>OTHER_CFLAGS</key>
				<string>$(inherited)  </string>
				<key>OTHER_CPLUSPLUSFLAGS</key>
				<array>
					<string>$(OTHER_CFLAGS)</string>
					<string>-DFOLLY_NO_CONFIG</string>
					<string>-DFOLLY_MOBILE=1</string>
					<string>-DFOLLY_USE_LIBCPP=1</string>
				</array>
				<key>REACT_NATIVE_PATH</key>
				<string>${PODS_ROOT}/../../node_modules/react-native</string>
				<key>SDKROOT</key>
				<string>iphoneos</string>
			</dict>
			<key>isa</key>
			<string>XCBuildConfiguration</string>
			<key>name</key>
			<string>Debug</string>
		</dict>
		<key>83CBBA211A601CBA00E9B192</key>
		<dict>
			<key>baseConfigurationReference</key>
			<string>FACD705A2A65BF5F00A870C6</string>
			<key>buildSettings</key>
			<dict>
				<key>ALWAYS_SEARCH_USER_PATHS</key>
				<string>NO</string>
				<key>CLANG_ANALYZER_LOCALIZABILITY_NONLOCALIZED</key>
				<string>YES</string>
				<key>CLANG_CXX_LANGUAGE_STANDARD</key>
				<string>c++17</string>
				<key>CLANG_CXX_LIBRARY</key>
				<string>libc++</string>
				<key>CLANG_ENABLE_MODULES</key>
				<string>YES</string>
				<key>CLANG_ENABLE_OBJC_ARC</key>
				<string>YES</string>
				<key>CLANG_WARN_BLOCK_CAPTURE_AUTORELEASING</key>
				<string>YES</string>
				<key>CLANG_WARN_BOOL_CONVERSION</key>
				<string>YES</string>
				<key>CLANG_WARN_COMMA</key>
				<string>YES</string>
				<key>CLANG_WARN_CONSTANT_CONVERSION</key>
				<string>YES</string>
				<key>CLANG_WARN_DEPRECATED_OBJC_IMPLEMENTATIONS</key>
				<string>YES</string>
				<key>CLANG_WARN_DIRECT_OBJC_ISA_USAGE</key>
				<string>YES_ERROR</string>
				<key>CLANG_WARN_EMPTY_BODY</key>
				<string>YES</string>
				<key>CLANG_WARN_ENUM_CONVERSION</key>
				<string>YES</string>
				<key>CLANG_WARN_INFINITE_RECURSION</key>
				<string>YES</string>
				<key>CLANG_WARN_INT_CONVERSION</key>
				<string>YES</string>
				<key>CLANG_WARN_NON_LITERAL_NULL_CONVERSION</key>
				<string>YES</string>
				<key>CLANG_WARN_OBJC_IMPLICIT_RETAIN_SELF</key>
				<string>YES</string>
				<key>CLANG_WARN_OBJC_LITERAL_CONVERSION</key>
				<string>YES</string>
				<key>CLANG_WARN_OBJC_ROOT_CLASS</key>
				<string>YES_ERROR</string>
				<key>CLANG_WARN_QUOTED_INCLUDE_IN_FRAMEWORK_HEADER</key>
				<string>YES</string>
				<key>CLANG_WARN_RANGE_LOOP_ANALYSIS</key>
				<string>YES</string>
				<key>CLANG_WARN_STRICT_PROTOTYPES</key>
				<string>YES</string>
				<key>CLANG_WARN_SUSPICIOUS_MOVE</key>
				<string>YES</string>
				<key>CLANG_WARN_UNREACHABLE_CODE</key>
				<string>YES</string>
				<key>CLANG_WARN__DUPLICATE_METHOD_MATCH</key>
				<string>YES</string>
				<key>CODE_SIGN_IDENTITY[sdk=iphoneos*]</key>
				<string>iPhone Developer</string>
				<key>COPY_PHASE_STRIP</key>
				<string>YES</string>
				<key>ENABLE_NS_ASSERTIONS</key>
				<string>NO</string>
				<key>ENABLE_STRICT_OBJC_MSGSEND</key>
				<string>YES</string>
				<key>EXCLUDED_ARCHS[sdk=iphonesimulator*]</key>
				<string>i386</string>
				<key>GCC_C_LANGUAGE_STANDARD</key>
				<string>gnu99</string>
				<key>GCC_NO_COMMON_BLOCKS</key>
				<string>YES</string>
				<key>GCC_WARN_64_TO_32_BIT_CONVERSION</key>
				<string>YES</string>
				<key>GCC_WARN_ABOUT_RETURN_TYPE</key>
				<string>YES_ERROR</string>
				<key>GCC_WARN_UNDECLARED_SELECTOR</key>
				<string>YES</string>
				<key>GCC_WARN_UNINITIALIZED_AUTOS</key>
				<string>YES_AGGRESSIVE</string>
				<key>GCC_WARN_UNUSED_FUNCTION</key>
				<string>YES</string>
				<key>GCC_WARN_UNUSED_VARIABLE</key>
				<string>YES</string>
				<key>HEADER_SEARCH_PATHS</key>
				<array>
					<string>$(inherited)</string>
					<string>${PODS_CONFIGURATION_BUILD_DIR}/ReactCommon-Samples/ReactCommon_Samples.framework/Headers</string>
					<string>${PODS_CONFIGURATION_BUILD_DIR}/ReactCommon/ReactCommon.framework/Headers/react/nativemodule/core</string>
					<string>${PODS_CONFIGURATION_BUILD_DIR}/ReactCommon-Samples/ReactCommon_Samples.framework/Headers/platform/ios</string>
					<string>${PODS_CONFIGURATION_BUILD_DIR}/React-NativeModulesApple/React_NativeModulesApple.framework/Headers</string>
					<string>${PODS_CONFIGURATION_BUILD_DIR}/React-graphics/React_graphics.framework/Headers/react/renderer/graphics/platform/ios</string>
				</array>
				<key>IPHONEOS_DEPLOYMENT_TARGET</key>
				<string>12.4</string>
				<key>LD_RUNPATH_SEARCH_PATHS</key>
				<array>
					<string>/usr/lib/swift</string>
					<string>$(inherited)</string>
				</array>
				<key>LIBRARY_SEARCH_PATHS</key>
				<array>
					<string>"$(SDKROOT)/usr/lib/swift"</string>
					<string>"$(TOOLCHAIN_DIR)/usr/lib/swift/$(PLATFORM_NAME)"</string>
					<string>"$(inherited)"</string>
				</array>
				<key>MARKETING_VERSION[sdk=*]</key>
				<string></string>
				<key>MTL_ENABLE_DEBUG_INFO</key>
				<string>NO</string>
				<key>OTHER_CFLAGS</key>
				<string>$(inherited)  </string>
				<key>OTHER_CPLUSPLUSFLAGS</key>
				<array>
					<string>$(OTHER_CFLAGS)</string>
					<string>-DFOLLY_NO_CONFIG</string>
					<string>-DFOLLY_MOBILE=1</string>
					<string>-DFOLLY_USE_LIBCPP=1</string>
				</array>
				<key>REACT_NATIVE_PATH</key>
				<string>${PODS_ROOT}/../../node_modules/react-native</string>
				<key>SDKROOT</key>
				<string>iphoneos</string>
				<key>VALIDATE_PRODUCT</key>
				<string>YES</string>
			</dict>
			<key>isa</key>
			<string>XCBuildConfiguration</string>
			<key>name</key>
			<string>Release</string>
		</dict>
		<key>8436E8B19D7B2DCC17293795</key>
		<dict>
			<key>buildActionMask</key>
			<string>2147483647</string>
			<key>files</key>
			<array/>
			<key>inputFileListPaths</key>
			<array/>
			<key>inputPaths</key>
			<array>
				<string>${PODS_PODFILE_DIR_PATH}/Podfile.lock</string>
				<string>${PODS_ROOT}/Manifest.lock</string>
			</array>
			<key>isa</key>
			<string>PBXShellScriptBuildPhase</string>
			<key>name</key>
			<string>[CP] Check Pods Manifest.lock</string>
			<key>outputFileListPaths</key>
			<array/>
			<key>outputPaths</key>
			<array>
				<string>$(DERIVED_FILE_DIR)/Pods-CardicApp-checkManifestLockResult.txt</string>
			</array>
			<key>runOnlyForDeploymentPostprocessing</key>
			<string>0</string>
			<key>shellPath</key>
			<string>/bin/sh</string>
			<key>shellScript</key>
			<string>diff "${PODS_PODFILE_DIR_PATH}/Podfile.lock" "${PODS_ROOT}/Manifest.lock" &gt; /dev/null
if [ $? != 0 ] ; then
    # print error to STDERR
    echo "error: The sandbox is not in sync with the Podfile.lock. Run 'pod install' or update your CocoaPods installation." &gt;&amp;2
    exit 1
fi
# This output is used by Xcode 'outputs' to avoid re-running this script phase.
echo "SUCCESS" &gt; "${SCRIPT_OUTPUT_FILE_0}"
</string>
			<key>showEnvVarsInLog</key>
			<string>0</string>
		</dict>
		<key>857ABEC37D1A5D649DEDE093</key>
		<dict>
			<key>buildActionMask</key>
			<string>2147483647</string>
			<key>files</key>
			<array/>
			<key>inputFileListPaths</key>
			<array/>
			<key>inputPaths</key>
			<array>
				<string>${PODS_PODFILE_DIR_PATH}/Podfile.lock</string>
				<string>${PODS_ROOT}/Manifest.lock</string>
			</array>
			<key>isa</key>
			<string>PBXShellScriptBuildPhase</string>
			<key>name</key>
			<string>[CP] Check Pods Manifest.lock</string>
			<key>outputFileListPaths</key>
			<array/>
			<key>outputPaths</key>
			<array>
				<string>$(DERIVED_FILE_DIR)/Pods-CardicApp-CardicAppTests-checkManifestLockResult.txt</string>
			</array>
			<key>runOnlyForDeploymentPostprocessing</key>
			<string>0</string>
			<key>shellPath</key>
			<string>/bin/sh</string>
			<key>shellScript</key>
			<string>diff "${PODS_PODFILE_DIR_PATH}/Podfile.lock" "${PODS_ROOT}/Manifest.lock" &gt; /dev/null
if [ $? != 0 ] ; then
    # print error to STDERR
    echo "error: The sandbox is not in sync with the Podfile.lock. Run 'pod install' or update your CocoaPods installation." &gt;&amp;2
    exit 1
fi
# This output is used by Xcode 'outputs' to avoid re-running this script phase.
echo "SUCCESS" &gt; "${SCRIPT_OUTPUT_FILE_0}"
</string>
			<key>showEnvVarsInLog</key>
			<string>0</string>
		</dict>
		<key>8AC48DA6A7568720EEE6B73A</key>
		<dict>
			<key>includeInIndex</key>
			<string>1</string>
			<key>isa</key>
			<string>PBXFileReference</string>
			<key>lastKnownFileType</key>
			<string>text.xcconfig</string>
			<key>name</key>
			<string>Pods-CardicApp.release.xcconfig</string>
			<key>path</key>
			<string>Target Support Files/Pods-CardicApp/Pods-CardicApp.release.xcconfig</string>
			<key>sourceTree</key>
			<string>&lt;group&gt;</string>
		</dict>
		<key>8F67FA913C754882A4F009B9</key>
		<dict>
			<key>fileRef</key>
			<string>36E4B86A27B242E49F847018</string>
			<key>isa</key>
			<string>PBXBuildFile</string>
		</dict>
		<key>96EF6CEBC62D4D849C282C0D</key>
		<dict>
			<key>fileRef</key>
			<string>D4DE3E2989754DAFBB019C94</string>
			<key>isa</key>
			<string>PBXBuildFile</string>
		</dict>
		<key>9A5CDDEBB22D28A0BEA1C0E1</key>
		<dict>
			<key>includeInIndex</key>
			<string>1</string>
			<key>isa</key>
			<string>PBXFileReference</string>
			<key>lastKnownFileType</key>
			<string>text.xcconfig</string>
			<key>name</key>
			<string>Pods-CardicApp.debug.xcconfig</string>
			<key>path</key>
			<string>Target Support Files/Pods-CardicApp/Pods-CardicApp.debug.xcconfig</string>
			<key>sourceTree</key>
			<string>&lt;group&gt;</string>
		</dict>
		<key>9DB86590CA8DC4B5887D148F</key>
		<dict>
			<key>buildActionMask</key>
			<string>2147483647</string>
			<key>files</key>
			<array/>
			<key>inputFileListPaths</key>
			<array>
				<string>${PODS_ROOT}/Target Support Files/Pods-CardicApp/Pods-CardicApp-frameworks-${CONFIGURATION}-input-files.xcfilelist</string>
			</array>
			<key>inputPaths</key>
			<array/>
			<key>isa</key>
			<string>PBXShellScriptBuildPhase</string>
			<key>name</key>
			<string>[CP] Embed Pods Frameworks</string>
			<key>outputFileListPaths</key>
			<array>
				<string>${PODS_ROOT}/Target Support Files/Pods-CardicApp/Pods-CardicApp-frameworks-${CONFIGURATION}-output-files.xcfilelist</string>
			</array>
			<key>outputPaths</key>
			<array/>
			<key>runOnlyForDeploymentPostprocessing</key>
			<string>0</string>
			<key>shellPath</key>
			<string>/bin/sh</string>
			<key>shellScript</key>
			<string>"${PODS_ROOT}/Target Support Files/Pods-CardicApp/Pods-CardicApp-frameworks.sh"
</string>
			<key>showEnvVarsInLog</key>
			<string>0</string>
		</dict>
		<key>A2B52F8609F0AFABD1F1AA46</key>
		<dict>
			<key>alwaysOutOfDate</key>
			<string>1</string>
			<key>buildActionMask</key>
			<string>2147483647</string>
			<key>files</key>
			<array/>
			<key>inputFileListPaths</key>
			<array/>
			<key>inputPaths</key>
			<array/>
			<key>isa</key>
			<string>PBXShellScriptBuildPhase</string>
			<key>name</key>
			<string>Fix Privacy Manifest</string>
			<key>outputFileListPaths</key>
			<array/>
			<key>outputPaths</key>
			<array/>
			<key>runOnlyForDeploymentPostprocessing</key>
			<string>0</string>
			<key>shellPath</key>
			<string>/bin/sh</string>
			<key>shellScript</key>
			<string>"/Users/mac/Documents/Cardic/CardicApp/app_privacy_manifest_fixer/fixer.sh" 
</string>
			<key>showEnvVarsInLog</key>
			<string>0</string>
		</dict>
		<key>A67763ABEE7911AB8476DAD9</key>
		<dict>
			<key>buildActionMask</key>
			<string>2147483647</string>
			<key>files</key>
			<array/>
			<key>inputFileListPaths</key>
			<array>
				<string>${PODS_ROOT}/Target Support Files/Pods-CardicApp-CardicAppTests/Pods-CardicApp-CardicAppTests-frameworks-${CONFIGURATION}-input-files.xcfilelist</string>
			</array>
			<key>inputPaths</key>
			<array/>
			<key>isa</key>
			<string>PBXShellScriptBuildPhase</string>
			<key>name</key>
			<string>[CP] Embed Pods Frameworks</string>
			<key>outputFileListPaths</key>
			<array>
				<string>${PODS_ROOT}/Target Support Files/Pods-CardicApp-CardicAppTests/Pods-CardicApp-CardicAppTests-frameworks-${CONFIGURATION}-output-files.xcfilelist</string>
			</array>
			<key>outputPaths</key>
			<array/>
			<key>runOnlyForDeploymentPostprocessing</key>
			<string>0</string>
			<key>shellPath</key>
			<string>/bin/sh</string>
			<key>shellScript</key>
			<string>"${PODS_ROOT}/Target Support Files/Pods-CardicApp-CardicAppTests/Pods-CardicApp-CardicAppTests-frameworks.sh"
</string>
			<key>showEnvVarsInLog</key>
			<string>0</string>
		</dict>
		<key>A8A2F746804B4D93979EDB45</key>
		<dict>
			<key>fileRef</key>
			<string>C053C6D6DFE64B2E82110EE1</string>
			<key>isa</key>
			<string>PBXBuildFile</string>
		</dict>
		<key>B2ACC62FFB6B4312B245D60C</key>
		<dict>
			<key>explicitFileType</key>
			<string>undefined</string>
			<key>fileEncoding</key>
			<string>9</string>
			<key>includeInIndex</key>
			<string>0</string>
			<key>isa</key>
			<string>PBXFileReference</string>
			<key>lastKnownFileType</key>
			<string>unknown</string>
			<key>name</key>
			<string>Raleway-ExtraBold.ttf</string>
			<key>path</key>
			<string>../assets/fonts/Raleway-ExtraBold.ttf</string>
			<key>sourceTree</key>
			<string>&lt;group&gt;</string>
		</dict>
		<key>B33540FE020145859456942A</key>
		<dict>
			<key>explicitFileType</key>
			<string>undefined</string>
			<key>fileEncoding</key>
			<string>9</string>
			<key>includeInIndex</key>
			<string>0</string>
			<key>isa</key>
			<string>PBXFileReference</string>
			<key>lastKnownFileType</key>
			<string>unknown</string>
			<key>name</key>
			<string>Raleway-Light.ttf</string>
			<key>path</key>
			<string>../assets/fonts/Raleway-Light.ttf</string>
			<key>sourceTree</key>
			<string>&lt;group&gt;</string>
		</dict>
		<key>B73C91E1AC2A068BA3D6174E</key>
		<dict>
			<key>fileRef</key>
			<string>4FF945D35643DC9FF3476C24</string>
			<key>isa</key>
			<string>PBXBuildFile</string>
		</dict>
		<key>BA1DE9C5A3C4DB85DF43874F</key>
		<dict>
			<key>fileRef</key>
			<string>419987DC54CD67054061A253</string>
			<key>isa</key>
			<string>PBXBuildFile</string>
		</dict>
		<key>BBD78D7AC51CEA395F1C20DB</key>
		<dict>
			<key>children</key>
			<array>
				<string>9A5CDDEBB22D28A0BEA1C0E1</string>
				<string>8AC48DA6A7568720EEE6B73A</string>
				<string>0FB17D6B1F3EEC8FA3258FA3</string>
				<string>E541A1F7E05D940AD1A3A370</string>
			</array>
			<key>isa</key>
			<string>PBXGroup</string>
			<key>path</key>
			<string>Pods</string>
			<key>sourceTree</key>
			<string>&lt;group&gt;</string>
		</dict>
		<key>BCA3CEDEB61B41AEB43ABF79</key>
		<dict>
			<key>fileRef</key>
			<string>5D977753128E453085D4C1E1</string>
			<key>isa</key>
			<string>PBXBuildFile</string>
		</dict>
		<key>C053C6D6DFE64B2E82110EE1</key>
		<dict>
			<key>explicitFileType</key>
			<string>undefined</string>
			<key>fileEncoding</key>
			<string>9</string>
			<key>includeInIndex</key>
			<string>0</string>
			<key>isa</key>
			<string>PBXFileReference</string>
			<key>lastKnownFileType</key>
			<string>unknown</string>
			<key>name</key>
			<string>Raleway-Bold.ttf</string>
			<key>path</key>
			<string>../assets/fonts/Raleway-Bold.ttf</string>
			<key>sourceTree</key>
			<string>&lt;group&gt;</string>
		</dict>
		<key>C47E98D58EBC4C68AC25C3DC</key>
		<dict>
			<key>fileRef</key>
			<string>16D5435C7D01492A93243C4F</string>
			<key>isa</key>
			<string>PBXBuildFile</string>
		</dict>
		<key>CAF856299F9343DB87B1342E</key>
		<dict>
			<key>explicitFileType</key>
			<string>undefined</string>
			<key>fileEncoding</key>
			<string>9</string>
			<key>includeInIndex</key>
			<string>0</string>
			<key>isa</key>
			<string>PBXFileReference</string>
			<key>lastKnownFileType</key>
			<string>unknown</string>
			<key>name</key>
			<string>Raleway-ExtraLight.ttf</string>
			<key>path</key>
			<string>../assets/fonts/Raleway-ExtraLight.ttf</string>
			<key>sourceTree</key>
			<string>&lt;group&gt;</string>
		</dict>
		<key>D1851474CFEF449F85F8A248</key>
		<dict>
			<key>explicitFileType</key>
			<string>undefined</string>
			<key>fileEncoding</key>
			<string>9</string>
			<key>includeInIndex</key>
			<string>0</string>
			<key>isa</key>
			<string>PBXFileReference</string>
			<key>lastKnownFileType</key>
			<string>unknown</string>
			<key>name</key>
			<string>Raleway-Thin.ttf</string>
			<key>path</key>
			<string>../assets/fonts/Raleway-Thin.ttf</string>
			<key>sourceTree</key>
			<string>&lt;group&gt;</string>
		</dict>
		<key>D3AD1559C82F4E628E451496</key>
		<dict>
			<key>fileRef</key>
			<string>838672F3248649EBB97CC221</string>
			<key>isa</key>
			<string>PBXBuildFile</string>
		</dict>
		<key>D48BABDE8BD54735BF1919BC</key>
		<dict>
			<key>explicitFileType</key>
			<string>undefined</string>
			<key>fileEncoding</key>
			<string>9</string>
			<key>includeInIndex</key>
			<string>0</string>
			<key>isa</key>
			<string>PBXFileReference</string>
			<key>lastKnownFileType</key>
			<string>unknown</string>
			<key>name</key>
			<string>Raleway-SemiBold.ttf</string>
			<key>path</key>
			<string>../assets/fonts/Raleway-SemiBold.ttf</string>
			<key>sourceTree</key>
			<string>&lt;group&gt;</string>
		</dict>
		<key>D4DE3E2989754DAFBB019C94</key>
		<dict>
			<key>explicitFileType</key>
			<string>undefined</string>
			<key>fileEncoding</key>
			<string>9</string>
			<key>includeInIndex</key>
			<string>0</string>
			<key>isa</key>
			<string>PBXFileReference</string>
			<key>lastKnownFileType</key>
			<string>unknown</string>
			<key>name</key>
			<string>Raleway-Black.ttf</string>
			<key>path</key>
			<string>../assets/fonts/Raleway-Black.ttf</string>
			<key>sourceTree</key>
			<string>&lt;group&gt;</string>
		</dict>
		<key>E0982046B9D0415FAA9C8F71</key>
		<dict>
			<key>fileRef</key>
			<string>3641DA6763524652AA334208</string>
			<key>isa</key>
			<string>PBXBuildFile</string>
		</dict>
		<key>E525A6E29D2249B7A89DF90F</key>
		<dict>
			<key>fileRef</key>
			<string>50C8795C94954830919A7FAB</string>
			<key>isa</key>
			<string>PBXBuildFile</string>
		</dict>
		<key>E541A1F7E05D940AD1A3A370</key>
		<dict>
			<key>includeInIndex</key>
			<string>1</string>
			<key>isa</key>
			<string>PBXFileReference</string>
			<key>lastKnownFileType</key>
			<string>text.xcconfig</string>
			<key>name</key>
			<string>Pods-CardicApp-CardicAppTests.release.xcconfig</string>
			<key>path</key>
			<string>Target Support Files/Pods-CardicApp-CardicAppTests/Pods-CardicApp-CardicAppTests.release.xcconfig</string>
			<key>sourceTree</key>
			<string>&lt;group&gt;</string>
		</dict>
		<key>E7BA62716FFC4192A0CD5DF5</key>
		<dict>
			<key>explicitFileType</key>
			<string>undefined</string>
			<key>fileEncoding</key>
			<string>9</string>
			<key>includeInIndex</key>
			<string>0</string>
			<key>isa</key>
			<string>PBXFileReference</string>
			<key>lastKnownFileType</key>
			<string>unknown</string>
			<key>name</key>
			<string>Raleway-Italic.ttf</string>
			<key>path</key>
			<string>../assets/fonts/Raleway-Italic.ttf</string>
			<key>sourceTree</key>
			<string>&lt;group&gt;</string>
		</dict>
		<key>ED297162215061F000B7C4FE</key>
		<dict>
			<key>isa</key>
			<string>PBXFileReference</string>
			<key>lastKnownFileType</key>
			<string>wrapper.framework</string>
			<key>name</key>
			<string>JavaScriptCore.framework</string>
			<key>path</key>
			<string>System/Library/Frameworks/JavaScriptCore.framework</string>
			<key>sourceTree</key>
			<string>SDKROOT</string>
		</dict>
		<key>ED8AB7841D079EC67986E525</key>
		<dict>
			<key>buildActionMask</key>
			<string>2147483647</string>
			<key>files</key>
			<array/>
			<key>inputPaths</key>
			<array>
				<string>$(BUILT_PRODUCTS_DIR)/$(INFOPLIST_PATH)</string>
			</array>
			<key>isa</key>
			<string>PBXShellScriptBuildPhase</string>
			<key>name</key>
			<string>[CP-User] [RNFB] Core Configuration</string>
			<key>outputPaths</key>
			<array/>
			<key>runOnlyForDeploymentPostprocessing</key>
			<string>0</string>
			<key>shellPath</key>
			<string>/bin/sh</string>
			<key>shellScript</key>
			<string>#!/usr/bin/env bash
#
# Copyright (c) 2016-present Invertase Limited &amp; Contributors
#
# Licensed under the Apache License, Version 2.0 (the "License");
# you may not use this library except in compliance with the License.
# You may obtain a copy of the License at
#
#   http://www.apache.org/licenses/LICENSE-2.0
#
# Unless required by applicable law or agreed to in writing, software
# distributed under the License is distributed on an "AS IS" BASIS,
# WITHOUT WARRANTIES OR CONDITIONS OF ANY KIND, either express or implied.
# See the License for the specific language governing permissions and
# limitations under the License.
#
set -e

_MAX_LOOKUPS=2;
_SEARCH_RESULT=''
_RN_ROOT_EXISTS=''
_CURRENT_LOOKUPS=1
_JSON_ROOT="'react-native'"
_JSON_FILE_NAME='firebase.json'
_JSON_OUTPUT_BASE64='e30=' # { }
_CURRENT_SEARCH_DIR=${PROJECT_DIR}
_PLIST_BUDDY=/usr/libexec/PlistBuddy
_TARGET_PLIST="${BUILT_PRODUCTS_DIR}/${INFOPLIST_PATH}"
_DSYM_PLIST="${DWARF_DSYM_FOLDER_PATH}/${DWARF_DSYM_FILE_NAME}/Contents/Info.plist"

# plist arrays
_PLIST_ENTRY_KEYS=()
_PLIST_ENTRY_TYPES=()
_PLIST_ENTRY_VALUES=()

function setPlistValue {
  echo "info:      setting plist entry '$1' of type '$2' in file '$4'"
  ${_PLIST_BUDDY} -c "Add :$1 $2 '$3'" $4 || echo "info:      '$1' already exists"
}

function getFirebaseJsonKeyValue () {
  if [[ ${_RN_ROOT_EXISTS} ]]; then
    ruby -Ku -e "require 'rubygems';require 'json'; output=JSON.parse('$1'); puts output[$_JSON_ROOT]['$2']"
  else
    echo ""
  fi;
}

function jsonBoolToYesNo () {
  if [[ $1 == "false" ]]; then
    echo "NO"
  elif [[ $1 == "true" ]]; then
    echo "YES"
  else echo "NO"
  fi
}

echo "info: -&gt; RNFB build script started"
echo "info: 1) Locating ${_JSON_FILE_NAME} file:"

if [[ -z ${_CURRENT_SEARCH_DIR} ]]; then
  _CURRENT_SEARCH_DIR=$(pwd)
fi;

while true; do
  _CURRENT_SEARCH_DIR=$(dirname "$_CURRENT_SEARCH_DIR")
  if [[ "$_CURRENT_SEARCH_DIR" == "/" ]] || [[ ${_CURRENT_LOOKUPS} -gt ${_MAX_LOOKUPS} ]]; then break; fi;
  echo "info:      ($_CURRENT_LOOKUPS of $_MAX_LOOKUPS) Searching in '$_CURRENT_SEARCH_DIR' for a ${_JSON_FILE_NAME} file."
  _SEARCH_RESULT=$(find "$_CURRENT_SEARCH_DIR" -maxdepth 2 -name ${_JSON_FILE_NAME} -print | /usr/bin/head -n 1)
  if [[ ${_SEARCH_RESULT} ]]; then
    echo "info:      ${_JSON_FILE_NAME} found at $_SEARCH_RESULT"
    break;
  fi;
  _CURRENT_LOOKUPS=$((_CURRENT_LOOKUPS+1))
done

if [[ ${_SEARCH_RESULT} ]]; then
  _JSON_OUTPUT_RAW=$(cat "${_SEARCH_RESULT}")
  _RN_ROOT_EXISTS=$(ruby -Ku -e "require 'rubygems';require 'json'; output=JSON.parse('$_JSON_OUTPUT_RAW'); puts output[$_JSON_ROOT]" || echo '')

  if [[ ${_RN_ROOT_EXISTS} ]]; then
    if ! python3 --version &gt;/dev/null 2&gt;&amp;1; then echo "python3 not found, firebase.json file processing error." &amp;&amp; exit 1; fi
    _JSON_OUTPUT_BASE64=$(python3 -c 'import json,sys,base64;print(base64.b64encode(bytes(json.dumps(json.loads(open('"'${_SEARCH_RESULT}'"', '"'rb'"').read())['${_JSON_ROOT}']), '"'utf-8'"')).decode())' || echo "e30=")
  fi

  _PLIST_ENTRY_KEYS+=("firebase_json_raw")
  _PLIST_ENTRY_TYPES+=("string")
  _PLIST_ENTRY_VALUES+=("$_JSON_OUTPUT_BASE64")

  # config.app_data_collection_default_enabled
  _APP_DATA_COLLECTION_ENABLED=$(getFirebaseJsonKeyValue "$_JSON_OUTPUT_RAW" "app_data_collection_default_enabled")
  if [[ $_APP_DATA_COLLECTION_ENABLED ]]; then
    _PLIST_ENTRY_KEYS+=("FirebaseDataCollectionDefaultEnabled")
    _PLIST_ENTRY_TYPES+=("bool")
    _PLIST_ENTRY_VALUES+=("$(jsonBoolToYesNo "$_APP_DATA_COLLECTION_ENABLED")")
  fi

  # config.analytics_auto_collection_enabled
  _ANALYTICS_AUTO_COLLECTION=$(getFirebaseJsonKeyValue "$_JSON_OUTPUT_RAW" "analytics_auto_collection_enabled")
  if [[ $_ANALYTICS_AUTO_COLLECTION ]]; then
    _PLIST_ENTRY_KEYS+=("FIREBASE_ANALYTICS_COLLECTION_ENABLED")
    _PLIST_ENTRY_TYPES+=("bool")
    _PLIST_ENTRY_VALUES+=("$(jsonBoolToYesNo "$_ANALYTICS_AUTO_COLLECTION")")
  fi

  # config.analytics_collection_deactivated
  _ANALYTICS_DEACTIVATED=$(getFirebaseJsonKeyValue "$_JSON_OUTPUT_RAW" "analytics_collection_deactivated")
  if [[ $_ANALYTICS_DEACTIVATED ]]; then
    _PLIST_ENTRY_KEYS+=("FIREBASE_ANALYTICS_COLLECTION_DEACTIVATED")
    _PLIST_ENTRY_TYPES+=("bool")
    _PLIST_ENTRY_VALUES+=("$(jsonBoolToYesNo "$_ANALYTICS_DEACTIVATED")")
  fi

  # config.analytics_idfv_collection_enabled
  _ANALYTICS_IDFV_COLLECTION=$(getFirebaseJsonKeyValue "$_JSON_OUTPUT_RAW" "analytics_idfv_collection_enabled")
  if [[ $_ANALYTICS_IDFV_COLLECTION ]]; then
    _PLIST_ENTRY_KEYS+=("GOOGLE_ANALYTICS_IDFV_COLLECTION_ENABLED")
    _PLIST_ENTRY_TYPES+=("bool")
    _PLIST_ENTRY_VALUES+=("$(jsonBoolToYesNo "$_ANALYTICS_IDFV_COLLECTION")")
  fi

  # config.analytics_default_allow_ad_personalization_signals
  _ANALYTICS_PERSONALIZATION=$(getFirebaseJsonKeyValue "$_JSON_OUTPUT_RAW" "analytics_default_allow_ad_personalization_signals")
  if [[ $_ANALYTICS_PERSONALIZATION ]]; then
    _PLIST_ENTRY_KEYS+=("GOOGLE_ANALYTICS_DEFAULT_ALLOW_AD_PERSONALIZATION_SIGNALS")
    _PLIST_ENTRY_TYPES+=("bool")
    _PLIST_ENTRY_VALUES+=("$(jsonBoolToYesNo "$_ANALYTICS_PERSONALIZATION")")
  fi

  # config.analytics_registration_with_ad_network_enabled
  _ANALYTICS_REGISTRATION_WITH_AD_NETWORK=$(getFirebaseJsonKeyValue "$_JSON_OUTPUT_RAW" "google_analytics_registration_with_ad_network_enabled")
  if [[ $_ANALYTICS_REGISTRATION_WITH_AD_NETWORK ]]; then
    _PLIST_ENTRY_KEYS+=("GOOGLE_ANALYTICS_REGISTRATION_WITH_AD_NETWORK_ENABLED")
    _PLIST_ENTRY_TYPES+=("bool")
    _PLIST_ENTRY_VALUES+=("$(jsonBoolToYesNo "$_ANALYTICS_REGISTRATION_WITH_AD_NETWORK")")
  fi

  # config.google_analytics_automatic_screen_reporting_enabled
  _ANALYTICS_AUTO_SCREEN_REPORTING=$(getFirebaseJsonKeyValue "$_JSON_OUTPUT_RAW" "google_analytics_automatic_screen_reporting_enabled")
  if [[ $_ANALYTICS_AUTO_SCREEN_REPORTING ]]; then
    _PLIST_ENTRY_KEYS+=("FirebaseAutomaticScreenReportingEnabled")
    _PLIST_ENTRY_TYPES+=("bool")
    _PLIST_ENTRY_VALUES+=("$(jsonBoolToYesNo "$_ANALYTICS_AUTO_SCREEN_REPORTING")")
  fi

  # config.perf_auto_collection_enabled
  _PERF_AUTO_COLLECTION=$(getFirebaseJsonKeyValue "$_JSON_OUTPUT_RAW" "perf_auto_collection_enabled")
  if [[ $_PERF_AUTO_COLLECTION ]]; then
    _PLIST_ENTRY_KEYS+=("firebase_performance_collection_enabled")
    _PLIST_ENTRY_TYPES+=("bool")
    _PLIST_ENTRY_VALUES+=("$(jsonBoolToYesNo "$_PERF_AUTO_COLLECTION")")
  fi

  # config.perf_collection_deactivated
  _PERF_DEACTIVATED=$(getFirebaseJsonKeyValue "$_JSON_OUTPUT_RAW" "perf_collection_deactivated")
  if [[ $_PERF_DEACTIVATED ]]; then
    _PLIST_ENTRY_KEYS+=("firebase_performance_collection_deactivated")
    _PLIST_ENTRY_TYPES+=("bool")
    _PLIST_ENTRY_VALUES+=("$(jsonBoolToYesNo "$_PERF_DEACTIVATED")")
  fi

  # config.messaging_auto_init_enabled
  _MESSAGING_AUTO_INIT=$(getFirebaseJsonKeyValue "$_JSON_OUTPUT_RAW" "messaging_auto_init_enabled")
  if [[ $_MESSAGING_AUTO_INIT ]]; then
    _PLIST_ENTRY_KEYS+=("FirebaseMessagingAutoInitEnabled")
    _PLIST_ENTRY_TYPES+=("bool")
    _PLIST_ENTRY_VALUES+=("$(jsonBoolToYesNo "$_MESSAGING_AUTO_INIT")")
  fi

  # config.in_app_messaging_auto_colllection_enabled
  _FIAM_AUTO_INIT=$(getFirebaseJsonKeyValue "$_JSON_OUTPUT_RAW" "in_app_messaging_auto_collection_enabled")
  if [[ $_FIAM_AUTO_INIT ]]; then
    _PLIST_ENTRY_KEYS+=("FirebaseInAppMessagingAutomaticDataCollectionEnabled")
    _PLIST_ENTRY_TYPES+=("bool")
    _PLIST_ENTRY_VALUES+=("$(jsonBoolToYesNo "$_FIAM_AUTO_INIT")")
  fi

  # config.app_check_token_auto_refresh
  _APP_CHECK_TOKEN_AUTO_REFRESH=$(getFirebaseJsonKeyValue "$_JSON_OUTPUT_RAW" "app_check_token_auto_refresh")
  if [[ $_APP_CHECK_TOKEN_AUTO_REFRESH ]]; then
    _PLIST_ENTRY_KEYS+=("FirebaseAppCheckTokenAutoRefreshEnabled")
    _PLIST_ENTRY_TYPES+=("bool")
    _PLIST_ENTRY_VALUES+=("$(jsonBoolToYesNo "$_APP_CHECK_TOKEN_AUTO_REFRESH")")
  fi

  # config.crashlytics_disable_auto_disabler - undocumented for now - mainly for debugging, document if becomes useful
  _CRASHLYTICS_AUTO_DISABLE_ENABLED=$(getFirebaseJsonKeyValue "$_JSON_OUTPUT_RAW" "crashlytics_disable_auto_disabler")
  if [[ $_CRASHLYTICS_AUTO_DISABLE_ENABLED == "true" ]]; then
    echo "Disabled Crashlytics auto disabler." # do nothing
  else
    _PLIST_ENTRY_KEYS+=("FirebaseCrashlyticsCollectionEnabled")
    _PLIST_ENTRY_TYPES+=("bool")
    _PLIST_ENTRY_VALUES+=("NO")
  fi
else
  _PLIST_ENTRY_KEYS+=("firebase_json_raw")
  _PLIST_ENTRY_TYPES+=("string")
  _PLIST_ENTRY_VALUES+=("$_JSON_OUTPUT_BASE64")
  echo "warning:   A firebase.json file was not found, whilst this file is optional it is recommended to include it to configure firebase services in React Native Firebase."
fi;

echo "info: 2) Injecting Info.plist entries: "

# Log out the keys we're adding
for i in "${!_PLIST_ENTRY_KEYS[@]}"; do
  echo "    -&gt;  $i) ${_PLIST_ENTRY_KEYS[$i]}" "${_PLIST_ENTRY_TYPES[$i]}" "${_PLIST_ENTRY_VALUES[$i]}"
done

for plist in "${_TARGET_PLIST}" "${_DSYM_PLIST}" ; do
  if [[ -f "${plist}" ]]; then

    # paths with spaces break the call to setPlistValue. temporarily modify
    # the shell internal field separator variable (IFS), which normally
    # includes spaces, to consist only of line breaks
    oldifs=$IFS
    IFS="
"

    for i in "${!_PLIST_ENTRY_KEYS[@]}"; do
      setPlistValue "${_PLIST_ENTRY_KEYS[$i]}" "${_PLIST_ENTRY_TYPES[$i]}" "${_PLIST_ENTRY_VALUES[$i]}" "${plist}"
    done

    # restore the original internal field separator value
    IFS=$oldifs
  else
    echo "warning:   A Info.plist build output file was not found (${plist})"
  fi
done

echo "info: &lt;- RNFB build script finished"
</string>
		</dict>
		<key>EEA32B3AB2074FE8A90DBA6B</key>
		<dict>
			<key>explicitFileType</key>
			<string>undefined</string>
			<key>fileEncoding</key>
			<string>9</string>
			<key>includeInIndex</key>
			<string>0</string>
			<key>isa</key>
			<string>PBXFileReference</string>
			<key>lastKnownFileType</key>
			<string>unknown</string>
			<key>name</key>
			<string>Raleway-Medium.ttf</string>
			<key>path</key>
			<string>../assets/fonts/Raleway-Medium.ttf</string>
			<key>sourceTree</key>
			<string>&lt;group&gt;</string>
		</dict>
		<key>F095B8D9E8464B11ABD03E3F</key>
		<dict>
			<key>explicitFileType</key>
			<string>undefined</string>
			<key>fileEncoding</key>
			<string>9</string>
			<key>includeInIndex</key>
			<string>0</string>
			<key>isa</key>
			<string>PBXFileReference</string>
			<key>lastKnownFileType</key>
			<string>unknown</string>
			<key>name</key>
			<string>Raleway-SemiBoldItalic.ttf</string>
			<key>path</key>
			<string>../assets/fonts/Raleway-SemiBoldItalic.ttf</string>
			<key>sourceTree</key>
			<string>&lt;group&gt;</string>
		</dict>
		<key>F537729AADDA4FB283036D20</key>
		<dict>
			<key>fileRef</key>
			<string>6FBCCEBFA3A9496294E758CD</string>
			<key>isa</key>
			<string>PBXBuildFile</string>
		</dict>
		<key>FA6A3D302CBEEE7C0037F361</key>
		<dict>
			<key>isa</key>
			<string>PBXFileReference</string>
			<key>lastKnownFileType</key>
			<string>text.plist.entitlements</string>
			<key>name</key>
			<string>CardicApp.entitlements</string>
			<key>path</key>
			<string>CardicApp/CardicApp.entitlements</string>
			<key>sourceTree</key>
			<string>&lt;group&gt;</string>
		</dict>
		<key>FA9FBEF32BE64DFF00518454</key>
		<dict>
			<key>fileEncoding</key>
			<string>4</string>
			<key>isa</key>
			<string>PBXFileReference</string>
			<key>lastKnownFileType</key>
			<string>text.plist.xml</string>
			<key>path</key>
			<string>GoogleService-Info.plist</string>
			<key>sourceTree</key>
			<string>&lt;group&gt;</string>
		</dict>
		<key>FA9FBEF42BE64DFF00518454</key>
		<dict>
			<key>fileRef</key>
			<string>FA9FBEF32BE64DFF00518454</string>
			<key>isa</key>
			<string>PBXBuildFile</string>
		</dict>
		<key>FACD705A2A65BF5F00A870C6</key>
		<dict>
			<key>isa</key>
			<string>PBXFileReference</string>
			<key>lastKnownFileType</key>
			<string>text.xcconfig</string>
			<key>path</key>
			<string>Config.xcconfig</string>
			<key>sourceTree</key>
			<string>&lt;group&gt;</string>
		</dict>
		<key>FACD705B2A65BF5F00A870C6</key>
		<dict>
			<key>fileRef</key>
			<string>FACD705A2A65BF5F00A870C6</string>
			<key>isa</key>
			<string>PBXBuildFile</string>
		</dict>
		<key>FACD705C2A65BF5F00A870C6</key>
		<dict>
			<key>fileRef</key>
			<string>FACD705A2A65BF5F00A870C6</string>
			<key>isa</key>
			<string>PBXBuildFile</string>
		</dict>
		<key>FAD1AC6D2A5BF563009632A9</key>
		<dict>
			<key>children</key>
			<array>
				<string>FAD1AC6E2A5BF563009632A9</string>
				<string>FAD1AC6F2A5BF563009632A9</string>
				<string>FAD1AC702A5BF563009632A9</string>
				<string>FAD1AC712A5BF563009632A9</string>
				<string>FAD1AC722A5BF563009632A9</string>
				<string>FAD1AC732A5BF563009632A9</string>
				<string>FAD1AC742A5BF563009632A9</string>
				<string>FAD1AC752A5BF563009632A9</string>
				<string>FAD1AC762A5BF563009632A9</string>
				<string>FAD1AC772A5BF563009632A9</string>
				<string>FAD1AC782A5BF563009632A9</string>
				<string>FAD1AC792A5BF563009632A9</string>
				<string>FAD1AC7A2A5BF563009632A9</string>
				<string>FAD1AC7B2A5BF563009632A9</string>
				<string>FAD1AC7C2A5BF563009632A9</string>
				<string>FAD1AC7D2A5BF563009632A9</string>
			</array>
			<key>isa</key>
			<string>PBXGroup</string>
			<key>path</key>
			<string>Fonts</string>
			<key>sourceTree</key>
			<string>&lt;group&gt;</string>
		</dict>
		<key>FAD1AC6E2A5BF563009632A9</key>
		<dict>
			<key>isa</key>
			<string>PBXFileReference</string>
			<key>lastKnownFileType</key>
			<string>file</string>
			<key>path</key>
			<string>Fontisto.ttf</string>
			<key>sourceTree</key>
			<string>&lt;group&gt;</string>
		</dict>
		<key>FAD1AC6F2A5BF563009632A9</key>
		<dict>
			<key>isa</key>
			<string>PBXFileReference</string>
			<key>lastKnownFileType</key>
			<string>file</string>
			<key>path</key>
			<string>Octicons.ttf</string>
			<key>sourceTree</key>
			<string>&lt;group&gt;</string>
		</dict>
		<key>FAD1AC702A5BF563009632A9</key>
		<dict>
			<key>isa</key>
			<string>PBXFileReference</string>
			<key>lastKnownFileType</key>
			<string>file</string>
			<key>path</key>
			<string>Feather.ttf</string>
			<key>sourceTree</key>
			<string>&lt;group&gt;</string>
		</dict>
		<key>FAD1AC712A5BF563009632A9</key>
		<dict>
			<key>isa</key>
			<string>PBXFileReference</string>
			<key>lastKnownFileType</key>
			<string>file</string>
			<key>path</key>
			<string>Entypo.ttf</string>
			<key>sourceTree</key>
			<string>&lt;group&gt;</string>
		</dict>
		<key>FAD1AC722A5BF563009632A9</key>
		<dict>
			<key>isa</key>
			<string>PBXFileReference</string>
			<key>lastKnownFileType</key>
			<string>file</string>
			<key>path</key>
			<string>FontAwesome5_Brands.ttf</string>
			<key>sourceTree</key>
			<string>&lt;group&gt;</string>
		</dict>
		<key>FAD1AC732A5BF563009632A9</key>
		<dict>
			<key>isa</key>
			<string>PBXFileReference</string>
			<key>lastKnownFileType</key>
			<string>file</string>
			<key>path</key>
			<string>MaterialCommunityIcons.ttf</string>
			<key>sourceTree</key>
			<string>&lt;group&gt;</string>
		</dict>
		<key>FAD1AC742A5BF563009632A9</key>
		<dict>
			<key>isa</key>
			<string>PBXFileReference</string>
			<key>lastKnownFileType</key>
			<string>file</string>
			<key>path</key>
			<string>AntDesign.ttf</string>
			<key>sourceTree</key>
			<string>&lt;group&gt;</string>
		</dict>
		<key>FAD1AC752A5BF563009632A9</key>
		<dict>
			<key>isa</key>
			<string>PBXFileReference</string>
			<key>lastKnownFileType</key>
			<string>file</string>
			<key>path</key>
			<string>Foundation.ttf</string>
			<key>sourceTree</key>
			<string>&lt;group&gt;</string>
		</dict>
		<key>FAD1AC762A5BF563009632A9</key>
		<dict>
			<key>isa</key>
			<string>PBXFileReference</string>
			<key>lastKnownFileType</key>
			<string>file</string>
			<key>path</key>
			<string>Ionicons.ttf</string>
			<key>sourceTree</key>
			<string>&lt;group&gt;</string>
		</dict>
		<key>FAD1AC772A5BF563009632A9</key>
		<dict>
			<key>isa</key>
			<string>PBXFileReference</string>
			<key>lastKnownFileType</key>
			<string>file</string>
			<key>path</key>
			<string>FontAwesome5_Solid.ttf</string>
			<key>sourceTree</key>
			<string>&lt;group&gt;</string>
		</dict>
		<key>FAD1AC782A5BF563009632A9</key>
		<dict>
			<key>isa</key>
			<string>PBXFileReference</string>
			<key>lastKnownFileType</key>
			<string>file</string>
			<key>path</key>
			<string>FontAwesome5_Regular.ttf</string>
			<key>sourceTree</key>
			<string>&lt;group&gt;</string>
		</dict>
		<key>FAD1AC792A5BF563009632A9</key>
		<dict>
			<key>isa</key>
			<string>PBXFileReference</string>
			<key>lastKnownFileType</key>
			<string>file</string>
			<key>path</key>
			<string>FontAwesome.ttf</string>
			<key>sourceTree</key>
			<string>&lt;group&gt;</string>
		</dict>
		<key>FAD1AC7A2A5BF563009632A9</key>
		<dict>
			<key>isa</key>
			<string>PBXFileReference</string>
			<key>lastKnownFileType</key>
			<string>file</string>
			<key>path</key>
			<string>Zocial.ttf</string>
			<key>sourceTree</key>
			<string>&lt;group&gt;</string>
		</dict>
		<key>FAD1AC7B2A5BF563009632A9</key>
		<dict>
			<key>isa</key>
			<string>PBXFileReference</string>
			<key>lastKnownFileType</key>
			<string>file</string>
			<key>path</key>
			<string>EvilIcons.ttf</string>
			<key>sourceTree</key>
			<string>&lt;group&gt;</string>
		</dict>
		<key>FAD1AC7C2A5BF563009632A9</key>
		<dict>
			<key>isa</key>
			<string>PBXFileReference</string>
			<key>lastKnownFileType</key>
			<string>file</string>
			<key>path</key>
			<string>SimpleLineIcons.ttf</string>
			<key>sourceTree</key>
			<string>&lt;group&gt;</string>
		</dict>
		<key>FAD1AC7D2A5BF563009632A9</key>
		<dict>
			<key>isa</key>
			<string>PBXFileReference</string>
			<key>lastKnownFileType</key>
			<string>file</string>
			<key>path</key>
			<string>MaterialIcons.ttf</string>
			<key>sourceTree</key>
			<string>&lt;group&gt;</string>
		</dict>
		<key>FAD1AC7F2A5BF563009632A9</key>
		<dict>
			<key>fileRef</key>
			<string>FAD1AC6E2A5BF563009632A9</string>
			<key>isa</key>
			<string>PBXBuildFile</string>
		</dict>
		<key>FAD1AC812A5BF563009632A9</key>
		<dict>
			<key>fileRef</key>
			<string>FAD1AC6F2A5BF563009632A9</string>
			<key>isa</key>
			<string>PBXBuildFile</string>
		</dict>
		<key>FAD1AC832A5BF563009632A9</key>
		<dict>
			<key>fileRef</key>
			<string>FAD1AC702A5BF563009632A9</string>
			<key>isa</key>
			<string>PBXBuildFile</string>
		</dict>
		<key>FAD1AC852A5BF563009632A9</key>
		<dict>
			<key>fileRef</key>
			<string>FAD1AC712A5BF563009632A9</string>
			<key>isa</key>
			<string>PBXBuildFile</string>
		</dict>
		<key>FAD1AC872A5BF563009632A9</key>
		<dict>
			<key>fileRef</key>
			<string>FAD1AC722A5BF563009632A9</string>
			<key>isa</key>
			<string>PBXBuildFile</string>
		</dict>
		<key>FAD1AC892A5BF563009632A9</key>
		<dict>
			<key>fileRef</key>
			<string>FAD1AC732A5BF563009632A9</string>
			<key>isa</key>
			<string>PBXBuildFile</string>
		</dict>
		<key>FAD1AC8B2A5BF563009632A9</key>
		<dict>
			<key>fileRef</key>
			<string>FAD1AC742A5BF563009632A9</string>
			<key>isa</key>
			<string>PBXBuildFile</string>
		</dict>
		<key>FAD1AC8D2A5BF563009632A9</key>
		<dict>
			<key>fileRef</key>
			<string>FAD1AC752A5BF563009632A9</string>
			<key>isa</key>
			<string>PBXBuildFile</string>
		</dict>
		<key>FAD1AC8F2A5BF563009632A9</key>
		<dict>
			<key>fileRef</key>
			<string>FAD1AC762A5BF563009632A9</string>
			<key>isa</key>
			<string>PBXBuildFile</string>
		</dict>
		<key>FAD1AC912A5BF563009632A9</key>
		<dict>
			<key>fileRef</key>
			<string>FAD1AC772A5BF563009632A9</string>
			<key>isa</key>
			<string>PBXBuildFile</string>
		</dict>
		<key>FAD1AC932A5BF563009632A9</key>
		<dict>
			<key>fileRef</key>
			<string>FAD1AC782A5BF563009632A9</string>
			<key>isa</key>
			<string>PBXBuildFile</string>
		</dict>
		<key>FAD1AC952A5BF563009632A9</key>
		<dict>
			<key>fileRef</key>
			<string>FAD1AC792A5BF563009632A9</string>
			<key>isa</key>
			<string>PBXBuildFile</string>
		</dict>
		<key>FAD1AC972A5BF563009632A9</key>
		<dict>
			<key>fileRef</key>
			<string>FAD1AC7A2A5BF563009632A9</string>
			<key>isa</key>
			<string>PBXBuildFile</string>
		</dict>
		<key>FAD1AC992A5BF563009632A9</key>
		<dict>
			<key>fileRef</key>
			<string>FAD1AC7B2A5BF563009632A9</string>
			<key>isa</key>
			<string>PBXBuildFile</string>
		</dict>
		<key>FAD1AC9B2A5BF563009632A9</key>
		<dict>
			<key>fileRef</key>
			<string>FAD1AC7C2A5BF563009632A9</string>
			<key>isa</key>
			<string>PBXBuildFile</string>
		</dict>
		<key>FAD1AC9D2A5BF563009632A9</key>
		<dict>
			<key>fileRef</key>
			<string>FAD1AC7D2A5BF563009632A9</string>
			<key>isa</key>
			<string>PBXBuildFile</string>
		</dict>
		<key>FD10A7F022414F080027D42C</key>
		<dict>
			<key>buildActionMask</key>
			<string>2147483647</string>
			<key>files</key>
			<array/>
			<key>inputFileListPaths</key>
			<array/>
			<key>inputPaths</key>
			<array/>
			<key>isa</key>
			<string>PBXShellScriptBuildPhase</string>
			<key>name</key>
			<string>Start Packager</string>
			<key>outputFileListPaths</key>
			<array/>
			<key>outputPaths</key>
			<array/>
			<key>runOnlyForDeploymentPostprocessing</key>
			<string>0</string>
			<key>shellPath</key>
			<string>/bin/sh</string>
			<key>shellScript</key>
			<string>export RCT_METRO_PORT="${RCT_METRO_PORT:=8081}"
echo "export RCT_METRO_PORT=${RCT_METRO_PORT}" &gt; "${SRCROOT}/../node_modules/react-native/scripts/.packager.env"
if [ -z "${RCT_NO_LAUNCH_PACKAGER+xxx}" ] ; then
  if nc -w 5 -z localhost ${RCT_METRO_PORT} ; then
    if ! curl -s "http://localhost:${RCT_METRO_PORT}/status" | grep -q "packager-status:running" ; then
      echo "Port ${RCT_METRO_PORT} already in use, packager is either not running or not running correctly"
      exit 2
    fi
  else
    open "$SRCROOT/../node_modules/react-native/scripts/launchPackager.command" || echo "Can't start packager automatically"
  fi
fi
</string>
			<key>showEnvVarsInLog</key>
			<string>0</string>
		</dict>
		<key>FFAD15C886E341A39EF3C9C5</key>
		<dict>
			<key>fileRef</key>
			<string>4FB3E5D8C25B4D54B2176E71</string>
			<key>isa</key>
			<string>PBXBuildFile</string>
		</dict>
	</dict>
	<key>rootObject</key>
	<string>83CBB9F71A601CBA00E9B192</string>
</dict>
</plist>
